<?xml version="1.0" encoding="utf-8"?>
<Project ToolsVersion="4.0" xmlns="http://schemas.microsoft.com/developer/msbuild/2003">
  <ItemGroup>
    <Filter Include="Common">
      <UniqueIdentifier>{daff9104-83ee-4cf3-ba01-f0026c8cc421}</UniqueIdentifier>
    </Filter>
    <Filter Include="Debugging">
      <UniqueIdentifier>{df239222-e6f5-4604-bff2-33588be7017a}</UniqueIdentifier>
    </Filter>
    <Filter Include="Platform">
      <UniqueIdentifier>{8508ca1a-6b82-4963-a335-f31979a8c1c8}</UniqueIdentifier>
    </Filter>
    <Filter Include="Parallelizing">
      <UniqueIdentifier>{b0a243a7-9c0e-4013-a51d-6766c40a024d}</UniqueIdentifier>
    </Filter>
    <Filter Include="Threading">
      <UniqueIdentifier>{ee1c8f69-adc2-4c92-83ca-bc70b7202a89}</UniqueIdentifier>
    </Filter>
    <Filter Include="MemoryManagement">
      <UniqueIdentifier>{ff6661f8-0d18-4370-8a9b-95f0b626a9ab}</UniqueIdentifier>
    </Filter>
    <Filter Include="MemoryManagement\Allocator">
      <UniqueIdentifier>{3530c99e-919f-4945-87b8-7b06d9a71abd}</UniqueIdentifier>
    </Filter>
    <Filter Include="Containers">
      <UniqueIdentifier>{b5975cfb-58f9-45a6-b309-438ff2171669}</UniqueIdentifier>
    </Filter>
    <Filter Include="Test">
      <UniqueIdentifier>{4d6a9f01-c5b9-49c2-966c-c2d257aaebf9}</UniqueIdentifier>
    </Filter>
    <Filter Include="Test\TestLauncher">
      <UniqueIdentifier>{aef60b9b-6692-4c9d-a1f9-eb626b83e6e9}</UniqueIdentifier>
    </Filter>
    <Filter Include="Test\TestParallelizing">
      <UniqueIdentifier>{fd46542b-e0eb-45c0-86e1-6c7cc5ce82b9}</UniqueIdentifier>
    </Filter>
    <Filter Include="Test\TestFile">
      <UniqueIdentifier>{d593d0bd-ffbd-4037-90e7-bb46cda7642a}</UniqueIdentifier>
    </Filter>
    <Filter Include="Test\TestNetwork">
      <UniqueIdentifier>{133b82bd-4f38-44f2-8649-82a61cffd30a}</UniqueIdentifier>
    </Filter>
  </ItemGroup>
  <ItemGroup>
    <ClInclude Include="Common\PrimitiveTypes.h">
      <Filter>Common</Filter>
    </ClInclude>
    <ClInclude Include="Debugging\Debug.h">
      <Filter>Debugging</Filter>
    </ClInclude>
    <ClInclude Include="Parallelizing\JobManager.h">
      <Filter>Parallelizing</Filter>
    </ClInclude>
    <ClInclude Include="Threading\Thread.h">
      <Filter>Threading</Filter>
    </ClInclude>
    <ClInclude Include="Parallelizing\Job.h">
      <Filter>Parallelizing</Filter>
    </ClInclude>
    <ClInclude Include="Threading\Fiber.h">
      <Filter>Threading</Filter>
    </ClInclude>
    <ClInclude Include="Platform\PlatformMemory.h">
      <Filter>Platform</Filter>
    </ClInclude>
    <ClInclude Include="Platform\PlatformThread.h">
      <Filter>Platform</Filter>
    </ClInclude>
    <ClInclude Include="Platform\PlatformFiber.h">
      <Filter>Platform</Filter>
    </ClInclude>
    <ClInclude Include="Parallelizing\JobDescription.h">
      <Filter>Parallelizing</Filter>
    </ClInclude>
    <ClInclude Include="MemoryManagement\ReferenceCounted.h">
      <Filter>MemoryManagement</Filter>
    </ClInclude>
    <ClInclude Include="MemoryManagement\ReferenceCountedInfo.h">
      <Filter>MemoryManagement</Filter>
    </ClInclude>
    <ClInclude Include="MemoryManagement\SharedMemory.h">
      <Filter>MemoryManagement</Filter>
    </ClInclude>
    <ClInclude Include="MemoryManagement\Allocator\AllocatorBase.h">
      <Filter>MemoryManagement\Allocator</Filter>
    </ClInclude>
    <ClInclude Include="MemoryManagement\Allocator\CustomAllocator.h">
      <Filter>MemoryManagement\Allocator</Filter>
    </ClInclude>
    <ClInclude Include="MemoryManagement\Allocator\DefaultAllocator.h">
      <Filter>MemoryManagement\Allocator</Filter>
    </ClInclude>
    <ClInclude Include="MemoryManagement\Allocator\DynamicSizeAllocator.h">
      <Filter>MemoryManagement\Allocator</Filter>
    </ClInclude>
    <ClInclude Include="MemoryManagement\Allocator\FixedSizeAllocator.h">
      <Filter>MemoryManagement\Allocator</Filter>
    </ClInclude>
    <ClInclude Include="MemoryManagement\Allocator\MemoryHeader.h">
      <Filter>MemoryManagement\Allocator</Filter>
    </ClInclude>
    <ClInclude Include="Common\StringUtils.h">
      <Filter>Common</Filter>
    </ClInclude>
    <ClInclude Include="Containers\DynamicString.h">
      <Filter>Containers</Filter>
    </ClInclude>
    <ClInclude Include="Containers\ThreadSafeQueue.h">
      <Filter>Containers</Filter>
    </ClInclude>
    <ClInclude Include="Containers\ConstantString.h">
      <Filter>Containers</Filter>
    </ClInclude>
    <ClInclude Include="Containers\Strings.h">
      <Filter>Containers</Filter>
    </ClInclude>
    <ClInclude Include="Platform\PlatformFile.h">
      <Filter>Platform</Filter>
    </ClInclude>
    <ClInclude Include="Common\BitwiseUtils.h">
      <Filter>Common</Filter>
    </ClInclude>
    <ClInclude Include="MemoryManagement\Allocator\RootAllocator.h">
      <Filter>MemoryManagement\Allocator</Filter>
    </ClInclude>
    <ClInclude Include="Platform\PlatformNetwork.h">
      <Filter>Platform</Filter>
    </ClInclude>
  </ItemGroup>
  <ItemGroup>
    <ClCompile Include="Debugging\Debug.cpp">
      <Filter>Debugging</Filter>
    </ClCompile>
    <ClCompile Include="Parallelizing\JobManager.cpp">
      <Filter>Parallelizing</Filter>
    </ClCompile>
    <ClCompile Include="Threading\Thread.cpp">
      <Filter>Threading</Filter>
    </ClCompile>
    <ClCompile Include="Parallelizing\Job.cpp">
      <Filter>Parallelizing</Filter>
    </ClCompile>
    <ClCompile Include="Threading\Fiber.cpp">
      <Filter>Threading</Filter>
    </ClCompile>
    <ClCompile Include="Platform\PlatformMemory.cpp">
      <Filter>Platform</Filter>
    </ClCompile>
    <ClCompile Include="Platform\PlatformThread.cpp">
      <Filter>Platform</Filter>
    </ClCompile>
    <ClCompile Include="Parallelizing\JobDescription.cpp">
      <Filter>Parallelizing</Filter>
    </ClCompile>
    <ClCompile Include="MemoryManagement\Allocator\AllocatorBase.cpp">
      <Filter>MemoryManagement\Allocator</Filter>
    </ClCompile>
    <ClCompile Include="MemoryManagement\Allocator\CustomAllocator.cpp">
      <Filter>MemoryManagement\Allocator</Filter>
    </ClCompile>
    <ClCompile Include="MemoryManagement\Allocator\DefaultAllocator.cpp">
      <Filter>MemoryManagement\Allocator</Filter>
    </ClCompile>
    <ClCompile Include="MemoryManagement\Allocator\DynamicSizeAllocator.cpp">
      <Filter>MemoryManagement\Allocator</Filter>
    </ClCompile>
    <ClCompile Include="MemoryManagement\Allocator\FixedSizeAllocator.cpp">
      <Filter>MemoryManagement\Allocator</Filter>
    </ClCompile>
    <ClCompile Include="Test\TestLauncher\TestLauncher.cpp">
      <Filter>Test\TestLauncher</Filter>
    </ClCompile>
    <ClCompile Include="Test\TestParallelizing\TestParallelizing.cpp">
      <Filter>Test\TestParallelizing</Filter>
    </ClCompile>
    <ClCompile Include="Platform\PlatformFile.cpp">
      <Filter>Platform</Filter>
    </ClCompile>
    <ClCompile Include="Test\TestFile\TestFile.cpp">
      <Filter>Test\TestFile</Filter>
    </ClCompile>
    <ClCompile Include="MemoryManagement\Allocator\RootAllocator.cpp">
      <Filter>MemoryManagement\Allocator</Filter>
    </ClCompile>
    <ClCompile Include="Test\TestNetwork\TestNetwork.cpp">
      <Filter>Test\TestNetwork</Filter>
    </ClCompile>
    <ClCompile Include="Platform\PlatformNetwork.cpp">
      <Filter>Platform</Filter>
    </ClCompile>
    <ClCompile Include="Platform\PlatformFiber.cpp">
      <Filter>Platform</Filter>
    </ClCompile>
  </ItemGroup>
  <ItemGroup>
    <None Include="MemoryManagement\MemoryManagement.Rules.cs">
      <Filter>MemoryManagement</Filter>
    </None>
    <None Include="Common\Common.Rules.cs">
      <Filter>Common</Filter>
    </None>
    <None Include="Debugging\Debugging.Rules.cs">
      <Filter>Debugging</Filter>
    </None>
    <None Include="Parallelizing\Parallelizing.Rules.cs">
      <Filter>Parallelizing</Filter>
    </None>
    <None Include="Platform\Platform.Rules.cs">
      <Filter>Platform</Filter>
    </None>
    <None Include="Threading\Threading.Rules.cs">
      <Filter>Threading</Filter>
    </None>
    <None Include="Containers\Containers.Rules.cs">
      <Filter>Containers</Filter>
    </None>
    <None Include="Test\TestLauncher\TestLauncher.Rules.cs">
      <Filter>Test\TestLauncher</Filter>
    </None>
    <None Include="Test\TestParallelizing\TestParallelizing.Rules.cs">
      <Filter>Test\TestParallelizing</Filter>
    </None>
    <None Include="Test\TestFile\TestFile.Rules.cs">
      <Filter>Test\TestFile</Filter>
    </None>
    <None Include="Test\TestNetwork\TestNetwork.Rules.cs">
      <Filter>Test\TestNetwork</Filter>
    </None>
  </ItemGroup>
</Project>