<Project xmlns="http://schemas.microsoft.com/developer/msbuild/2003" ToolsVersion="4.0"><ItemGroup><Filter Include="Common"><UniqueIdentifier>{e22a7cae-d4b3-4a21-acfd-9a2cc5d56b16}</UniqueIdentifier></Filter><Filter Include="Containers"><UniqueIdentifier>{86572354-05a3-48d2-b421-e1c2c7b26b34}</UniqueIdentifier></Filter><Filter Include="Containers\Private"><UniqueIdentifier>{9cd91c47-d05e-43f5-84ea-03cf1b25baf2}</UniqueIdentifier></Filter><Filter Include="Debugging"><UniqueIdentifier>{e5334d7d-ae7a-4177-a72c-703d66893ac8}</UniqueIdentifier></Filter><Filter Include="MemoryManagement"><UniqueIdentifier>{99dc817d-bcdf-4569-835d-dcc9d65c015b}</UniqueIdentifier></Filter><Filter Include="MemoryManagement\Allocator"><UniqueIdentifier>{3a94d2e6-0b02-425f-a8b4-f3a6710e954c}</UniqueIdentifier></Filter><Filter Include="Networking"><UniqueIdentifier>{b5f0bc42-3e13-482f-b0b7-9a172b07807e}</UniqueIdentifier></Filter><Filter Include="Parallelizing"><UniqueIdentifier>{45d2dcd9-5c68-42c1-b9d6-c41e43767629}</UniqueIdentifier></Filter><Filter Include="Parallelizing\Private"><UniqueIdentifier>{8a083b5c-2d1d-4191-8247-341837d8314a}</UniqueIdentifier></Filter><Filter Include="Platform"><UniqueIdentifier>{34474a53-493f-463c-80ac-12d970d42cd7}</UniqueIdentifier></Filter><Filter Include="Rendering"><UniqueIdentifier>{1014d55b-bcaa-4f81-b166-09bf46fcffaa}</UniqueIdentifier></Filter><Filter Include="Rendering\Private"><UniqueIdentifier>{f9f77984-67ef-4e03-b704-aee2ff0d886f}</UniqueIdentifier></Filter><Filter Include="Rendering\Private\OpenGL"><UniqueIdentifier>{695d4293-21aa-4d01-a88d-1ede3bd6408f}</UniqueIdentifier></Filter><Filter Include="ResourceSystem"><UniqueIdentifier>{96659c90-145c-4814-b968-06f9af44bcc6}</UniqueIdentifier></Filter><Filter Include="ThirdParty"><UniqueIdentifier>{7eb2205d-b003-4c78-9ef3-58d82cb765d7}</UniqueIdentifier></Filter><Filter Include="ThirdParty\GL"><UniqueIdentifier>{70881731-b013-4b51-bb30-bef0f5b3befa}</UniqueIdentifier></Filter><Filter Include="ThirdParty\GLEW"><UniqueIdentifier>{6cf8413d-f6bb-43cb-b5bc-ae2939428fb6}</UniqueIdentifier></Filter><Filter Include="ThirdParty\GLEW\include"><UniqueIdentifier>{0446471c-48f6-4b37-ab01-824af9f3c74f}</UniqueIdentifier></Filter><Filter Include="ThirdParty\GLEW\include\GL"><UniqueIdentifier>{e7d40181-c93e-4c8e-b48f-e0bde8b907ae}</UniqueIdentifier></Filter><Filter Include="ThirdParty\GLFW"><UniqueIdentifier>{82ddc211-b118-4100-b548-8c3647eb3599}</UniqueIdentifier></Filter><Filter Include="ThirdParty\GLFW\include"><UniqueIdentifier>{c090ba02-776a-4342-8618-c56b4c4604f5}</UniqueIdentifier></Filter><Filter Include="ThirdParty\GLFW\include\GLFW"><UniqueIdentifier>{abe981ce-3148-4388-90dd-286a096d8ac7}</UniqueIdentifier></Filter><Filter Include="ThirdParty\GLM"><UniqueIdentifier>{db8203b8-2e69-41c9-9158-cae0b63941bc}</UniqueIdentifier></Filter><Filter Include="ThirdParty\GLM\glm"><UniqueIdentifier>{7a011aa2-a5ca-4c46-bbcd-8a3efc27ac42}</UniqueIdentifier></Filter><Filter Include="ThirdParty\GLM\glm\simd"><UniqueIdentifier>{463b20c9-a94b-4a19-a532-d9ceaddacfea}</UniqueIdentifier></Filter><Filter Include="ThirdParty\Vulkan"><UniqueIdentifier>{d880206c-452f-4cd4-bb40-2077db5c38db}</UniqueIdentifier></Filter><Filter Include="ThirdParty\Vulkan\include"><UniqueIdentifier>{0e9e57ed-2480-46d5-93f1-f015f32d16aa}</UniqueIdentifier></Filter><Filter Include="ThirdParty\Vulkan\include\vulkan"><UniqueIdentifier>{51f757c0-8aea-4f88-bbd7-6b8ccf1b7004}</UniqueIdentifier></Filter><Filter Include="Threading"><UniqueIdentifier>{5bcc9938-d763-428c-bdf6-27fcecb8cee6}</UniqueIdentifier></Filter><Filter Include="Utility"><UniqueIdentifier>{29625a8b-61d7-4f8e-bf79-10705e523a97}</UniqueIdentifier></Filter><Filter Include="ThirdParty\GLM\glm\detail"><UniqueIdentifier>{6078c063-b4ca-4059-84e8-5b4bdde7ca87}</UniqueIdentifier></Filter><Filter Include="ThirdParty\GLM\glm\ext"><UniqueIdentifier>{88203d42-03fd-453e-9905-db7fc04d4822}</UniqueIdentifier></Filter><Filter Include="ThirdParty\GLM\glm\gtc"><UniqueIdentifier>{462ef25c-d17d-405b-bb85-0761e1ab9883}</UniqueIdentifier></Filter><Filter Include="ThirdParty\GLM\glm\gtx"><UniqueIdentifier>{53dd2ef0-5cda-4764-a110-5a19ecfd78fc}</UniqueIdentifier></Filter><Filter Include="MemoryManagement\Allocator\Private"><UniqueIdentifier>{1bffdb41-398f-4da0-b106-b9503d8f4a94}</UniqueIdentifier></Filter><Filter Include="Test"><UniqueIdentifier>{96ad8d33-8040-43a5-b653-c3d0ce78f607}</UniqueIdentifier></Filter><Filter Include="Test\TestFile"><UniqueIdentifier>{724e43a7-7476-48d3-b90b-8ab48a04269e}</UniqueIdentifier></Filter><Filter Include="Test\TestLauncher"><UniqueIdentifier>{d6e28cab-bfc0-47c5-9f40-c31f4be8087b}</UniqueIdentifier></Filter><Filter Include="Test\TestNetwork"><UniqueIdentifier>{6ae0c7f4-41b4-475d-8c84-f1226d2ef1fd}</UniqueIdentifier></Filter><Filter Include="Test\TestOpenGL"><UniqueIdentifier>{9eedcc12-cce6-4d6f-b9bf-56a86402b5d5}</UniqueIdentifier></Filter><Filter Include="Test\TestParallelizing"><UniqueIdentifier>{4d49f758-9928-4001-ae21-d8060555d2c1}</UniqueIdentifier></Filter><Filter Include="Test\TestRendering"><UniqueIdentifier>{54e4f36c-6d64-45e0-9783-039d0b5e60cb}</UniqueIdentifier></Filter></ItemGroup><ItemGroup><ClInclude Include="D:\Projects\GameEngine\SourceCode\Engine\Binaries\..\Engine\Common\BitwiseUtils.h"><Filter>Common</Filter></ClInclude><ClInclude Include="D:\Projects\GameEngine\SourceCode\Engine\Binaries\..\Engine\Common\BytesOf.h"><Filter>Common</Filter></ClInclude><ClInclude Include="D:\Projects\GameEngine\SourceCode\Engine\Binaries\..\Engine\Common\Mathematics.h"><Filter>Common</Filter></ClInclude><ClInclude Include="D:\Projects\GameEngine\SourceCode\Engine\Binaries\..\Engine\Common\PrimitiveTypes.h"><Filter>Common</Filter></ClInclude><ClInclude Include="D:\Projects\GameEngine\SourceCode\Engine\Binaries\..\Engine\Common\StringUtility.h"><Filter>Common</Filter></ClInclude><ClInclude Include="D:\Projects\GameEngine\SourceCode\Engine\Binaries\..\Engine\Containers\ConstantString.h"><Filter>Containers</Filter></ClInclude><ClInclude Include="D:\Projects\GameEngine\SourceCode\Engine\Binaries\..\Engine\Containers\DynamicString.h"><Filter>Containers</Filter></ClInclude><ClInclude Include="D:\Projects\GameEngine\SourceCode\Engine\Binaries\..\Engine\Containers\Map.h"><Filter>Containers</Filter></ClInclude><ClInclude Include="D:\Projects\GameEngine\SourceCode\Engine\Binaries\..\Engine\Containers\Pair.h"><Filter>Containers</Filter></ClInclude><ClInclude Include="D:\Projects\GameEngine\SourceCode\Engine\Binaries\..\Engine\Containers\Strings.h"><Filter>Containers</Filter></ClInclude><ClInclude Include="D:\Projects\GameEngine\SourceCode\Engine\Binaries\..\Engine\Containers\ThreadSafeQueue.h"><Filter>Containers</Filter></ClInclude><ClInclude Include="D:\Projects\GameEngine\SourceCode\Engine\Binaries\..\Engine\Containers\Vector.h"><Filter>Containers</Filter></ClInclude><ClInclude Include="D:\Projects\GameEngine\SourceCode\Engine\Binaries\..\Engine\Containers\Private\Allocators.h"><Filter>Containers\Private</Filter></ClInclude><ClInclude Include="D:\Projects\GameEngine\SourceCode\Engine\Binaries\..\Engine\Debugging\Debug.h"><Filter>Debugging</Filter></ClInclude><ClInclude Include="D:\Projects\GameEngine\SourceCode\Engine\Binaries\..\Engine\MemoryManagement\ReferenceCounted.h"><Filter>MemoryManagement</Filter></ClInclude><ClInclude Include="D:\Projects\GameEngine\SourceCode\Engine\Binaries\..\Engine\MemoryManagement\ReferenceCountedInfo.h"><Filter>MemoryManagement</Filter></ClInclude><ClInclude Include="D:\Projects\GameEngine\SourceCode\Engine\Binaries\..\Engine\MemoryManagement\SharedMemory.h"><Filter>MemoryManagement</Filter></ClInclude><ClInclude Include="D:\Projects\GameEngine\SourceCode\Engine\Binaries\..\Engine\MemoryManagement\Singleton.h"><Filter>MemoryManagement</Filter></ClInclude><ClInclude Include="D:\Projects\GameEngine\SourceCode\Engine\Binaries\..\Engine\MemoryManagement\Allocator\AllocatorBase.h"><Filter>MemoryManagement\Allocator</Filter></ClInclude><ClInclude Include="D:\Projects\GameEngine\SourceCode\Engine\Binaries\..\Engine\MemoryManagement\Allocator\CustomAllocator.h"><Filter>MemoryManagement\Allocator</Filter></ClInclude><ClInclude Include="D:\Projects\GameEngine\SourceCode\Engine\Binaries\..\Engine\MemoryManagement\Allocator\DefaultAllocator.h"><Filter>MemoryManagement\Allocator</Filter></ClInclude><ClInclude Include="D:\Projects\GameEngine\SourceCode\Engine\Binaries\..\Engine\MemoryManagement\Allocator\DynamicSizeAllocator.h"><Filter>MemoryManagement\Allocator</Filter></ClInclude><ClInclude Include="D:\Projects\GameEngine\SourceCode\Engine\Binaries\..\Engine\MemoryManagement\Allocator\FixedSizeAllocator.h"><Filter>MemoryManagement\Allocator</Filter></ClInclude><ClInclude Include="D:\Projects\GameEngine\SourceCode\Engine\Binaries\..\Engine\MemoryManagement\Allocator\MemoryHeader.h"><Filter>MemoryManagement\Allocator</Filter></ClInclude><ClInclude Include="D:\Projects\GameEngine\SourceCode\Engine\Binaries\..\Engine\MemoryManagement\Allocator\RootAllocator.h"><Filter>MemoryManagement\Allocator</Filter></ClInclude><ClInclude Include="D:\Projects\GameEngine\SourceCode\Engine\Binaries\..\Engine\Networking\Address.h"><Filter>Networking</Filter></ClInclude><ClInclude Include="D:\Projects\GameEngine\SourceCode\Engine\Binaries\..\Engine\Networking\Connection.h"><Filter>Networking</Filter></ClInclude><ClInclude Include="D:\Projects\GameEngine\SourceCode\Engine\Binaries\..\Engine\Networking\ConnectionBase.h"><Filter>Networking</Filter></ClInclude><ClInclude Include="D:\Projects\GameEngine\SourceCode\Engine\Binaries\..\Engine\Networking\ConnectionProtocol.h"><Filter>Networking</Filter></ClInclude><ClInclude Include="D:\Projects\GameEngine\SourceCode\Engine\Binaries\..\Engine\Networking\NetworkManager.h"><Filter>Networking</Filter></ClInclude><ClInclude Include="D:\Projects\GameEngine\SourceCode\Engine\Binaries\..\Engine\Networking\ReliableConnection.h"><Filter>Networking</Filter></ClInclude><ClInclude Include="D:\Projects\GameEngine\SourceCode\Engine\Binaries\..\Engine\Networking\ServerConnection.h"><Filter>Networking</Filter></ClInclude><ClInclude Include="D:\Projects\GameEngine\SourceCode\Engine\Binaries\..\Engine\Networking\Socket.h"><Filter>Networking</Filter></ClInclude><ClInclude Include="D:\Projects\GameEngine\SourceCode\Engine\Binaries\..\Engine\Parallelizing\Job.h"><Filter>Parallelizing</Filter></ClInclude><ClInclude Include="D:\Projects\GameEngine\SourceCode\Engine\Binaries\..\Engine\Parallelizing\JobInfo.h"><Filter>Parallelizing</Filter></ClInclude><ClInclude Include="D:\Projects\GameEngine\SourceCode\Engine\Binaries\..\Engine\Parallelizing\JobManager.h"><Filter>Parallelizing</Filter></ClInclude><ClInclude Include="D:\Projects\GameEngine\SourceCode\Engine\Binaries\..\Engine\Parallelizing\Task.h"><Filter>Parallelizing</Filter></ClInclude><ClInclude Include="D:\Projects\GameEngine\SourceCode\Engine\Binaries\..\Engine\Parallelizing\Private\Allocators.h"><Filter>Parallelizing\Private</Filter></ClInclude><ClInclude Include="D:\Projects\GameEngine\SourceCode\Engine\Binaries\..\Engine\Parallelizing\Private\MainFiberWorkerArguments.h"><Filter>Parallelizing\Private</Filter></ClInclude><ClInclude Include="D:\Projects\GameEngine\SourceCode\Engine\Binaries\..\Engine\Parallelizing\Private\TaskFiberWorkerArguments.h"><Filter>Parallelizing\Private</Filter></ClInclude><ClInclude Include="D:\Projects\GameEngine\SourceCode\Engine\Binaries\..\Engine\Parallelizing\Private\ThreadWorkerArguments.h"><Filter>Parallelizing\Private</Filter></ClInclude><ClInclude Include="D:\Projects\GameEngine\SourceCode\Engine\Binaries\..\Engine\Platform\PlatformDirectory.h"><Filter>Platform</Filter></ClInclude><ClInclude Include="D:\Projects\GameEngine\SourceCode\Engine\Binaries\..\Engine\Platform\PlatformFiber.h"><Filter>Platform</Filter></ClInclude><ClInclude Include="D:\Projects\GameEngine\SourceCode\Engine\Binaries\..\Engine\Platform\PlatformFile.h"><Filter>Platform</Filter></ClInclude><ClInclude Include="D:\Projects\GameEngine\SourceCode\Engine\Binaries\..\Engine\Platform\PlatformMemory.h"><Filter>Platform</Filter></ClInclude><ClInclude Include="D:\Projects\GameEngine\SourceCode\Engine\Binaries\..\Engine\Platform\PlatformNetwork.h"><Filter>Platform</Filter></ClInclude><ClInclude Include="D:\Projects\GameEngine\SourceCode\Engine\Binaries\..\Engine\Platform\PlatformOS.h"><Filter>Platform</Filter></ClInclude><ClInclude Include="D:\Projects\GameEngine\SourceCode\Engine\Binaries\..\Engine\Platform\PlatformThread.h"><Filter>Platform</Filter></ClInclude><ClInclude Include="D:\Projects\GameEngine\SourceCode\Engine\Binaries\..\Engine\Platform\PlatformWindow.h"><Filter>Platform</Filter></ClInclude><ClInclude Include="D:\Projects\GameEngine\SourceCode\Engine\Binaries\..\Engine\Rendering\Color.h"><Filter>Rendering</Filter></ClInclude><ClInclude Include="D:\Projects\GameEngine\SourceCode\Engine\Binaries\..\Engine\Rendering\DeviceInterfarce.h"><Filter>Rendering</Filter></ClInclude><ClInclude Include="D:\Projects\GameEngine\SourceCode\Engine\Binaries\..\Engine\Rendering\IDevice.h"><Filter>Rendering</Filter></ClInclude><ClInclude Include="D:\Projects\GameEngine\SourceCode\Engine\Binaries\..\Engine\Rendering\NativeType.h"><Filter>Rendering</Filter></ClInclude><ClInclude Include="D:\Projects\GameEngine\SourceCode\Engine\Binaries\..\Engine\Rendering\Program.h"><Filter>Rendering</Filter></ClInclude><ClInclude Include="D:\Projects\GameEngine\SourceCode\Engine\Binaries\..\Engine\Rendering\RenderingManager.h"><Filter>Rendering</Filter></ClInclude><ClInclude Include="D:\Projects\GameEngine\SourceCode\Engine\Binaries\..\Engine\Rendering\Texture.h"><Filter>Rendering</Filter></ClInclude><ClInclude Include="D:\Projects\GameEngine\SourceCode\Engine\Binaries\..\Engine\Rendering\Window.h"><Filter>Rendering</Filter></ClInclude><ClInclude Include="D:\Projects\GameEngine\SourceCode\Engine\Binaries\..\Engine\Rendering\Private\Allocators.h"><Filter>Rendering\Private</Filter></ClInclude><ClInclude Include="D:\Projects\GameEngine\SourceCode\Engine\Binaries\..\Engine\Rendering\Private\OpenGL\OpenGLDevice.h"><Filter>Rendering\Private\OpenGL</Filter></ClInclude><ClInclude Include="D:\Projects\GameEngine\SourceCode\Engine\Binaries\..\Engine\ResourceSystem\ResourceManager.h"><Filter>ResourceSystem</Filter></ClInclude><ClInclude Include="D:\Projects\GameEngine\SourceCode\Engine\Binaries\..\Engine\ThirdParty\GL\glext.h"><Filter>ThirdParty\GL</Filter></ClInclude><ClInclude Include="D:\Projects\GameEngine\SourceCode\Engine\Binaries\..\Engine\ThirdParty\GL\glxext.h"><Filter>ThirdParty\GL</Filter></ClInclude><ClInclude Include="D:\Projects\GameEngine\SourceCode\Engine\Binaries\..\Engine\ThirdParty\GL\wglext.h"><Filter>ThirdParty\GL</Filter></ClInclude><ClInclude Include="D:\Projects\GameEngine\SourceCode\Engine\Binaries\..\Engine\ThirdParty\GLEW\include\GL\eglew.h"><Filter>ThirdParty\GLEW\include\GL</Filter></ClInclude><ClInclude Include="D:\Projects\GameEngine\SourceCode\Engine\Binaries\..\Engine\ThirdParty\GLEW\include\GL\glew.h"><Filter>ThirdParty\GLEW\include\GL</Filter></ClInclude><ClInclude Include="D:\Projects\GameEngine\SourceCode\Engine\Binaries\..\Engine\ThirdParty\GLEW\include\GL\glxew.h"><Filter>ThirdParty\GLEW\include\GL</Filter></ClInclude><ClInclude Include="D:\Projects\GameEngine\SourceCode\Engine\Binaries\..\Engine\ThirdParty\GLEW\include\GL\wglew.h"><Filter>ThirdParty\GLEW\include\GL</Filter></ClInclude><ClInclude Include="D:\Projects\GameEngine\SourceCode\Engine\Binaries\..\Engine\ThirdParty\GLFW\include\GLFW\glfw3.h"><Filter>ThirdParty\GLFW\include\GLFW</Filter></ClInclude><ClInclude Include="D:\Projects\GameEngine\SourceCode\Engine\Binaries\..\Engine\ThirdParty\GLFW\include\GLFW\glfw3native.h"><Filter>ThirdParty\GLFW\include\GLFW</Filter></ClInclude><ClInclude Include="D:\Projects\GameEngine\SourceCode\Engine\Binaries\..\Engine\ThirdParty\GLM\glm\simd\common.h"><Filter>ThirdParty\GLM\glm\simd</Filter></ClInclude><ClInclude Include="D:\Projects\GameEngine\SourceCode\Engine\Binaries\..\Engine\ThirdParty\GLM\glm\simd\exponential.h"><Filter>ThirdParty\GLM\glm\simd</Filter></ClInclude><ClInclude Include="D:\Projects\GameEngine\SourceCode\Engine\Binaries\..\Engine\ThirdParty\GLM\glm\simd\geometric.h"><Filter>ThirdParty\GLM\glm\simd</Filter></ClInclude><ClInclude Include="D:\Projects\GameEngine\SourceCode\Engine\Binaries\..\Engine\ThirdParty\GLM\glm\simd\integer.h"><Filter>ThirdParty\GLM\glm\simd</Filter></ClInclude><ClInclude Include="D:\Projects\GameEngine\SourceCode\Engine\Binaries\..\Engine\ThirdParty\GLM\glm\simd\matrix.h"><Filter>ThirdParty\GLM\glm\simd</Filter></ClInclude><ClInclude Include="D:\Projects\GameEngine\SourceCode\Engine\Binaries\..\Engine\ThirdParty\GLM\glm\simd\packing.h"><Filter>ThirdParty\GLM\glm\simd</Filter></ClInclude><ClInclude Include="D:\Projects\GameEngine\SourceCode\Engine\Binaries\..\Engine\ThirdParty\GLM\glm\simd\platform.h"><Filter>ThirdParty\GLM\glm\simd</Filter></ClInclude><ClInclude Include="D:\Projects\GameEngine\SourceCode\Engine\Binaries\..\Engine\ThirdParty\GLM\glm\simd\trigonometric.h"><Filter>ThirdParty\GLM\glm\simd</Filter></ClInclude><ClInclude Include="D:\Projects\GameEngine\SourceCode\Engine\Binaries\..\Engine\ThirdParty\GLM\glm\simd\vector_relational.h"><Filter>ThirdParty\GLM\glm\simd</Filter></ClInclude><ClInclude Include="D:\Projects\GameEngine\SourceCode\Engine\Binaries\..\Engine\ThirdParty\Vulkan\include\vulkan\GLSL.std.450.h"><Filter>ThirdParty\Vulkan\include\vulkan</Filter></ClInclude><ClInclude Include="D:\Projects\GameEngine\SourceCode\Engine\Binaries\..\Engine\ThirdParty\Vulkan\include\vulkan\icd-spv.h"><Filter>ThirdParty\Vulkan\include\vulkan</Filter></ClInclude><ClInclude Include="D:\Projects\GameEngine\SourceCode\Engine\Binaries\..\Engine\ThirdParty\Vulkan\include\vulkan\spirv.h"><Filter>ThirdParty\Vulkan\include\vulkan</Filter></ClInclude><ClInclude Include="D:\Projects\GameEngine\SourceCode\Engine\Binaries\..\Engine\ThirdParty\Vulkan\include\vulkan\vk_icd.h"><Filter>ThirdParty\Vulkan\include\vulkan</Filter></ClInclude><ClInclude Include="D:\Projects\GameEngine\SourceCode\Engine\Binaries\..\Engine\ThirdParty\Vulkan\include\vulkan\vk_layer.h"><Filter>ThirdParty\Vulkan\include\vulkan</Filter></ClInclude><ClInclude Include="D:\Projects\GameEngine\SourceCode\Engine\Binaries\..\Engine\ThirdParty\Vulkan\include\vulkan\vk_platform.h"><Filter>ThirdParty\Vulkan\include\vulkan</Filter></ClInclude><ClInclude Include="D:\Projects\GameEngine\SourceCode\Engine\Binaries\..\Engine\ThirdParty\Vulkan\include\vulkan\vk_sdk_platform.h"><Filter>ThirdParty\Vulkan\include\vulkan</Filter></ClInclude><ClInclude Include="D:\Projects\GameEngine\SourceCode\Engine\Binaries\..\Engine\ThirdParty\Vulkan\include\vulkan\vulkan.h"><Filter>ThirdParty\Vulkan\include\vulkan</Filter></ClInclude><ClInclude Include="D:\Projects\GameEngine\SourceCode\Engine\Binaries\..\Engine\Threading\Fiber.h"><Filter>Threading</Filter></ClInclude><ClInclude Include="D:\Projects\GameEngine\SourceCode\Engine\Binaries\..\Engine\Threading\Thread.h"><Filter>Threading</Filter></ClInclude><ClInclude Include="D:\Projects\GameEngine\SourceCode\Engine\Binaries\..\Engine\Utility\FileSystem.h"><Filter>Utility</Filter></ClInclude><ClInclude Include="D:\Projects\GameEngine\SourceCode\Engine\Binaries\..\Engine\Utility\Path.h"><Filter>Utility</Filter></ClInclude><ClInclude Include="D:\Projects\GameEngine\SourceCode\Engine\Binaries\..\Engine\Utility\YAMLArray.h"><Filter>Utility</Filter></ClInclude><ClInclude Include="D:\Projects\GameEngine\SourceCode\Engine\Binaries\..\Engine\Utility\YAMLData.h"><Filter>Utility</Filter></ClInclude><ClInclude Include="D:\Projects\GameEngine\SourceCode\Engine\Binaries\..\Engine\Utility\YAMLObject.h"><Filter>Utility</Filter></ClInclude><ClInclude Include="D:\Projects\GameEngine\SourceCode\Engine\Binaries\..\Engine\ThirdParty\GLM\glm\common.hpp"><Filter>ThirdParty\GLM\glm</Filter></ClInclude><ClInclude Include="D:\Projects\GameEngine\SourceCode\Engine\Binaries\..\Engine\ThirdParty\GLM\glm\exponential.hpp"><Filter>ThirdParty\GLM\glm</Filter></ClInclude><ClInclude Include="D:\Projects\GameEngine\SourceCode\Engine\Binaries\..\Engine\ThirdParty\GLM\glm\ext.hpp"><Filter>ThirdParty\GLM\glm</Filter></ClInclude><ClInclude Include="D:\Projects\GameEngine\SourceCode\Engine\Binaries\..\Engine\ThirdParty\GLM\glm\fwd.hpp"><Filter>ThirdParty\GLM\glm</Filter></ClInclude><ClInclude Include="D:\Projects\GameEngine\SourceCode\Engine\Binaries\..\Engine\ThirdParty\GLM\glm\geometric.hpp"><Filter>ThirdParty\GLM\glm</Filter></ClInclude><ClInclude Include="D:\Projects\GameEngine\SourceCode\Engine\Binaries\..\Engine\ThirdParty\GLM\glm\glm.hpp"><Filter>ThirdParty\GLM\glm</Filter></ClInclude><ClInclude Include="D:\Projects\GameEngine\SourceCode\Engine\Binaries\..\Engine\ThirdParty\GLM\glm\integer.hpp"><Filter>ThirdParty\GLM\glm</Filter></ClInclude><ClInclude Include="D:\Projects\GameEngine\SourceCode\Engine\Binaries\..\Engine\ThirdParty\GLM\glm\mat2x2.hpp"><Filter>ThirdParty\GLM\glm</Filter></ClInclude><ClInclude Include="D:\Projects\GameEngine\SourceCode\Engine\Binaries\..\Engine\ThirdParty\GLM\glm\mat2x3.hpp"><Filter>ThirdParty\GLM\glm</Filter></ClInclude><ClInclude Include="D:\Projects\GameEngine\SourceCode\Engine\Binaries\..\Engine\ThirdParty\GLM\glm\mat2x4.hpp"><Filter>ThirdParty\GLM\glm</Filter></ClInclude><ClInclude Include="D:\Projects\GameEngine\SourceCode\Engine\Binaries\..\Engine\ThirdParty\GLM\glm\mat3x2.hpp"><Filter>ThirdParty\GLM\glm</Filter></ClInclude><ClInclude Include="D:\Projects\GameEngine\SourceCode\Engine\Binaries\..\Engine\ThirdParty\GLM\glm\mat3x3.hpp"><Filter>ThirdParty\GLM\glm</Filter></ClInclude><ClInclude Include="D:\Projects\GameEngine\SourceCode\Engine\Binaries\..\Engine\ThirdParty\GLM\glm\mat3x4.hpp"><Filter>ThirdParty\GLM\glm</Filter></ClInclude><ClInclude Include="D:\Projects\GameEngine\SourceCode\Engine\Binaries\..\Engine\ThirdParty\GLM\glm\mat4x2.hpp"><Filter>ThirdParty\GLM\glm</Filter></ClInclude><ClInclude Include="D:\Projects\GameEngine\SourceCode\Engine\Binaries\..\Engine\ThirdParty\GLM\glm\mat4x3.hpp"><Filter>ThirdParty\GLM\glm</Filter></ClInclude><ClInclude Include="D:\Projects\GameEngine\SourceCode\Engine\Binaries\..\Engine\ThirdParty\GLM\glm\mat4x4.hpp"><Filter>ThirdParty\GLM\glm</Filter></ClInclude><ClInclude Include="D:\Projects\GameEngine\SourceCode\Engine\Binaries\..\Engine\ThirdParty\GLM\glm\matrix.hpp"><Filter>ThirdParty\GLM\glm</Filter></ClInclude><ClInclude Include="D:\Projects\GameEngine\SourceCode\Engine\Binaries\..\Engine\ThirdParty\GLM\glm\packing.hpp"><Filter>ThirdParty\GLM\glm</Filter></ClInclude><ClInclude Include="D:\Projects\GameEngine\SourceCode\Engine\Binaries\..\Engine\ThirdParty\GLM\glm\trigonometric.hpp"><Filter>ThirdParty\GLM\glm</Filter></ClInclude><ClInclude Include="D:\Projects\GameEngine\SourceCode\Engine\Binaries\..\Engine\ThirdParty\GLM\glm\vec2.hpp"><Filter>ThirdParty\GLM\glm</Filter></ClInclude><ClInclude Include="D:\Projects\GameEngine\SourceCode\Engine\Binaries\..\Engine\ThirdParty\GLM\glm\vec3.hpp"><Filter>ThirdParty\GLM\glm</Filter></ClInclude><ClInclude Include="D:\Projects\GameEngine\SourceCode\Engine\Binaries\..\Engine\ThirdParty\GLM\glm\vec4.hpp"><Filter>ThirdParty\GLM\glm</Filter></ClInclude><ClInclude Include="D:\Projects\GameEngine\SourceCode\Engine\Binaries\..\Engine\ThirdParty\GLM\glm\vector_relational.hpp"><Filter>ThirdParty\GLM\glm</Filter></ClInclude><ClInclude Include="D:\Projects\GameEngine\SourceCode\Engine\Binaries\..\Engine\ThirdParty\GLM\glm\detail\compute_vector_relational.hpp"><Filter>ThirdParty\GLM\glm\detail</Filter></ClInclude><ClInclude Include="D:\Projects\GameEngine\SourceCode\Engine\Binaries\..\Engine\ThirdParty\GLM\glm\detail\qualifier.hpp"><Filter>ThirdParty\GLM\glm\detail</Filter></ClInclude><ClInclude Include="D:\Projects\GameEngine\SourceCode\Engine\Binaries\..\Engine\ThirdParty\GLM\glm\detail\setup.hpp"><Filter>ThirdParty\GLM\glm\detail</Filter></ClInclude><ClInclude Include="D:\Projects\GameEngine\SourceCode\Engine\Binaries\..\Engine\ThirdParty\GLM\glm\detail\type_float.hpp"><Filter>ThirdParty\GLM\glm\detail</Filter></ClInclude><ClInclude Include="D:\Projects\GameEngine\SourceCode\Engine\Binaries\..\Engine\ThirdParty\GLM\glm\detail\type_gentype.hpp"><Filter>ThirdParty\GLM\glm\detail</Filter></ClInclude><ClInclude Include="D:\Projects\GameEngine\SourceCode\Engine\Binaries\..\Engine\ThirdParty\GLM\glm\detail\type_half.hpp"><Filter>ThirdParty\GLM\glm\detail</Filter></ClInclude><ClInclude Include="D:\Projects\GameEngine\SourceCode\Engine\Binaries\..\Engine\ThirdParty\GLM\glm\detail\type_int.hpp"><Filter>ThirdParty\GLM\glm\detail</Filter></ClInclude><ClInclude Include="D:\Projects\GameEngine\SourceCode\Engine\Binaries\..\Engine\ThirdParty\GLM\glm\detail\type_mat.hpp"><Filter>ThirdParty\GLM\glm\detail</Filter></ClInclude><ClInclude Include="D:\Projects\GameEngine\SourceCode\Engine\Binaries\..\Engine\ThirdParty\GLM\glm\detail\type_mat2x2.hpp"><Filter>ThirdParty\GLM\glm\detail</Filter></ClInclude><ClInclude Include="D:\Projects\GameEngine\SourceCode\Engine\Binaries\..\Engine\ThirdParty\GLM\glm\detail\type_mat2x3.hpp"><Filter>ThirdParty\GLM\glm\detail</Filter></ClInclude><ClInclude Include="D:\Projects\GameEngine\SourceCode\Engine\Binaries\..\Engine\ThirdParty\GLM\glm\detail\type_mat2x4.hpp"><Filter>ThirdParty\GLM\glm\detail</Filter></ClInclude><ClInclude Include="D:\Projects\GameEngine\SourceCode\Engine\Binaries\..\Engine\ThirdParty\GLM\glm\detail\type_mat3x2.hpp"><Filter>ThirdParty\GLM\glm\detail</Filter></ClInclude><ClInclude Include="D:\Projects\GameEngine\SourceCode\Engine\Binaries\..\Engine\ThirdParty\GLM\glm\detail\type_mat3x3.hpp"><Filter>ThirdParty\GLM\glm\detail</Filter></ClInclude><ClInclude Include="D:\Projects\GameEngine\SourceCode\Engine\Binaries\..\Engine\ThirdParty\GLM\glm\detail\type_mat3x4.hpp"><Filter>ThirdParty\GLM\glm\detail</Filter></ClInclude><ClInclude Include="D:\Projects\GameEngine\SourceCode\Engine\Binaries\..\Engine\ThirdParty\GLM\glm\detail\type_mat4x2.hpp"><Filter>ThirdParty\GLM\glm\detail</Filter></ClInclude><ClInclude Include="D:\Projects\GameEngine\SourceCode\Engine\Binaries\..\Engine\ThirdParty\GLM\glm\detail\type_mat4x3.hpp"><Filter>ThirdParty\GLM\glm\detail</Filter></ClInclude><ClInclude Include="D:\Projects\GameEngine\SourceCode\Engine\Binaries\..\Engine\ThirdParty\GLM\glm\detail\type_mat4x4.hpp"><Filter>ThirdParty\GLM\glm\detail</Filter></ClInclude><ClInclude Include="D:\Projects\GameEngine\SourceCode\Engine\Binaries\..\Engine\ThirdParty\GLM\glm\detail\type_vec.hpp"><Filter>ThirdParty\GLM\glm\detail</Filter></ClInclude><ClInclude Include="D:\Projects\GameEngine\SourceCode\Engine\Binaries\..\Engine\ThirdParty\GLM\glm\detail\type_vec1.hpp"><Filter>ThirdParty\GLM\glm\detail</Filter></ClInclude><ClInclude Include="D:\Projects\GameEngine\SourceCode\Engine\Binaries\..\Engine\ThirdParty\GLM\glm\detail\type_vec2.hpp"><Filter>ThirdParty\GLM\glm\detail</Filter></ClInclude><ClInclude Include="D:\Projects\GameEngine\SourceCode\Engine\Binaries\..\Engine\ThirdParty\GLM\glm\detail\type_vec3.hpp"><Filter>ThirdParty\GLM\glm\detail</Filter></ClInclude><ClInclude Include="D:\Projects\GameEngine\SourceCode\Engine\Binaries\..\Engine\ThirdParty\GLM\glm\detail\type_vec4.hpp"><Filter>ThirdParty\GLM\glm\detail</Filter></ClInclude><ClInclude Include="D:\Projects\GameEngine\SourceCode\Engine\Binaries\..\Engine\ThirdParty\GLM\glm\detail\_features.hpp"><Filter>ThirdParty\GLM\glm\detail</Filter></ClInclude><ClInclude Include="D:\Projects\GameEngine\SourceCode\Engine\Binaries\..\Engine\ThirdParty\GLM\glm\detail\_fixes.hpp"><Filter>ThirdParty\GLM\glm\detail</Filter></ClInclude><ClInclude Include="D:\Projects\GameEngine\SourceCode\Engine\Binaries\..\Engine\ThirdParty\GLM\glm\detail\_noise.hpp"><Filter>ThirdParty\GLM\glm\detail</Filter></ClInclude><ClInclude Include="D:\Projects\GameEngine\SourceCode\Engine\Binaries\..\Engine\ThirdParty\GLM\glm\detail\_swizzle.hpp"><Filter>ThirdParty\GLM\glm\detail</Filter></ClInclude><ClInclude Include="D:\Projects\GameEngine\SourceCode\Engine\Binaries\..\Engine\ThirdParty\GLM\glm\detail\_swizzle_func.hpp"><Filter>ThirdParty\GLM\glm\detail</Filter></ClInclude><ClInclude Include="D:\Projects\GameEngine\SourceCode\Engine\Binaries\..\Engine\ThirdParty\GLM\glm\detail\_vectorize.hpp"><Filter>ThirdParty\GLM\glm\detail</Filter></ClInclude><ClInclude Include="D:\Projects\GameEngine\SourceCode\Engine\Binaries\..\Engine\ThirdParty\GLM\glm\ext\vec1.hpp"><Filter>ThirdParty\GLM\glm\ext</Filter></ClInclude><ClInclude Include="D:\Projects\GameEngine\SourceCode\Engine\Binaries\..\Engine\ThirdParty\GLM\glm\ext\vector_relational.hpp"><Filter>ThirdParty\GLM\glm\ext</Filter></ClInclude><ClInclude Include="D:\Projects\GameEngine\SourceCode\Engine\Binaries\..\Engine\ThirdParty\GLM\glm\gtc\bitfield.hpp"><Filter>ThirdParty\GLM\glm\gtc</Filter></ClInclude><ClInclude Include="D:\Projects\GameEngine\SourceCode\Engine\Binaries\..\Engine\ThirdParty\GLM\glm\gtc\color_space.hpp"><Filter>ThirdParty\GLM\glm\gtc</Filter></ClInclude><ClInclude Include="D:\Projects\GameEngine\SourceCode\Engine\Binaries\..\Engine\ThirdParty\GLM\glm\gtc\constants.hpp"><Filter>ThirdParty\GLM\glm\gtc</Filter></ClInclude><ClInclude Include="D:\Projects\GameEngine\SourceCode\Engine\Binaries\..\Engine\ThirdParty\GLM\glm\gtc\epsilon.hpp"><Filter>ThirdParty\GLM\glm\gtc</Filter></ClInclude><ClInclude Include="D:\Projects\GameEngine\SourceCode\Engine\Binaries\..\Engine\ThirdParty\GLM\glm\gtc\integer.hpp"><Filter>ThirdParty\GLM\glm\gtc</Filter></ClInclude><ClInclude Include="D:\Projects\GameEngine\SourceCode\Engine\Binaries\..\Engine\ThirdParty\GLM\glm\gtc\matrix_access.hpp"><Filter>ThirdParty\GLM\glm\gtc</Filter></ClInclude><ClInclude Include="D:\Projects\GameEngine\SourceCode\Engine\Binaries\..\Engine\ThirdParty\GLM\glm\gtc\matrix_integer.hpp"><Filter>ThirdParty\GLM\glm\gtc</Filter></ClInclude><ClInclude Include="D:\Projects\GameEngine\SourceCode\Engine\Binaries\..\Engine\ThirdParty\GLM\glm\gtc\matrix_inverse.hpp"><Filter>ThirdParty\GLM\glm\gtc</Filter></ClInclude><ClInclude Include="D:\Projects\GameEngine\SourceCode\Engine\Binaries\..\Engine\ThirdParty\GLM\glm\gtc\matrix_transform.hpp"><Filter>ThirdParty\GLM\glm\gtc</Filter></ClInclude><ClInclude Include="D:\Projects\GameEngine\SourceCode\Engine\Binaries\..\Engine\ThirdParty\GLM\glm\gtc\noise.hpp"><Filter>ThirdParty\GLM\glm\gtc</Filter></ClInclude><ClInclude Include="D:\Projects\GameEngine\SourceCode\Engine\Binaries\..\Engine\ThirdParty\GLM\glm\gtc\packing.hpp"><Filter>ThirdParty\GLM\glm\gtc</Filter></ClInclude><ClInclude Include="D:\Projects\GameEngine\SourceCode\Engine\Binaries\..\Engine\ThirdParty\GLM\glm\gtc\quaternion.hpp"><Filter>ThirdParty\GLM\glm\gtc</Filter></ClInclude><ClInclude Include="D:\Projects\GameEngine\SourceCode\Engine\Binaries\..\Engine\ThirdParty\GLM\glm\gtc\random.hpp"><Filter>ThirdParty\GLM\glm\gtc</Filter></ClInclude><ClInclude Include="D:\Projects\GameEngine\SourceCode\Engine\Binaries\..\Engine\ThirdParty\GLM\glm\gtc\reciprocal.hpp"><Filter>ThirdParty\GLM\glm\gtc</Filter></ClInclude><ClInclude Include="D:\Projects\GameEngine\SourceCode\Engine\Binaries\..\Engine\ThirdParty\GLM\glm\gtc\round.hpp"><Filter>ThirdParty\GLM\glm\gtc</Filter></ClInclude><ClInclude Include="D:\Projects\GameEngine\SourceCode\Engine\Binaries\..\Engine\ThirdParty\GLM\glm\gtc\type_aligned.hpp"><Filter>ThirdParty\GLM\glm\gtc</Filter></ClInclude><ClInclude Include="D:\Projects\GameEngine\SourceCode\Engine\Binaries\..\Engine\ThirdParty\GLM\glm\gtc\type_precision.hpp"><Filter>ThirdParty\GLM\glm\gtc</Filter></ClInclude><ClInclude Include="D:\Projects\GameEngine\SourceCode\Engine\Binaries\..\Engine\ThirdParty\GLM\glm\gtc\type_ptr.hpp"><Filter>ThirdParty\GLM\glm\gtc</Filter></ClInclude><ClInclude Include="D:\Projects\GameEngine\SourceCode\Engine\Binaries\..\Engine\ThirdParty\GLM\glm\gtc\ulp.hpp"><Filter>ThirdParty\GLM\glm\gtc</Filter></ClInclude><ClInclude Include="D:\Projects\GameEngine\SourceCode\Engine\Binaries\..\Engine\ThirdParty\GLM\glm\gtc\vec1.hpp"><Filter>ThirdParty\GLM\glm\gtc</Filter></ClInclude><ClInclude Include="D:\Projects\GameEngine\SourceCode\Engine\Binaries\..\Engine\ThirdParty\GLM\glm\gtx\associated_min_max.hpp"><Filter>ThirdParty\GLM\glm\gtx</Filter></ClInclude><ClInclude Include="D:\Projects\GameEngine\SourceCode\Engine\Binaries\..\Engine\ThirdParty\GLM\glm\gtx\bit.hpp"><Filter>ThirdParty\GLM\glm\gtx</Filter></ClInclude><ClInclude Include="D:\Projects\GameEngine\SourceCode\Engine\Binaries\..\Engine\ThirdParty\GLM\glm\gtx\closest_point.hpp"><Filter>ThirdParty\GLM\glm\gtx</Filter></ClInclude><ClInclude Include="D:\Projects\GameEngine\SourceCode\Engine\Binaries\..\Engine\ThirdParty\GLM\glm\gtx\color_encoding.hpp"><Filter>ThirdParty\GLM\glm\gtx</Filter></ClInclude><ClInclude Include="D:\Projects\GameEngine\SourceCode\Engine\Binaries\..\Engine\ThirdParty\GLM\glm\gtx\color_space.hpp"><Filter>ThirdParty\GLM\glm\gtx</Filter></ClInclude><ClInclude Include="D:\Projects\GameEngine\SourceCode\Engine\Binaries\..\Engine\ThirdParty\GLM\glm\gtx\color_space_YCoCg.hpp"><Filter>ThirdParty\GLM\glm\gtx</Filter></ClInclude><ClInclude Include="D:\Projects\GameEngine\SourceCode\Engine\Binaries\..\Engine\ThirdParty\GLM\glm\gtx\common.hpp"><Filter>ThirdParty\GLM\glm\gtx</Filter></ClInclude><ClInclude Include="D:\Projects\GameEngine\SourceCode\Engine\Binaries\..\Engine\ThirdParty\GLM\glm\gtx\compatibility.hpp"><Filter>ThirdParty\GLM\glm\gtx</Filter></ClInclude><ClInclude Include="D:\Projects\GameEngine\SourceCode\Engine\Binaries\..\Engine\ThirdParty\GLM\glm\gtx\component_wise.hpp"><Filter>ThirdParty\GLM\glm\gtx</Filter></ClInclude><ClInclude Include="D:\Projects\GameEngine\SourceCode\Engine\Binaries\..\Engine\ThirdParty\GLM\glm\gtx\dual_quaternion.hpp"><Filter>ThirdParty\GLM\glm\gtx</Filter></ClInclude><ClInclude Include="D:\Projects\GameEngine\SourceCode\Engine\Binaries\..\Engine\ThirdParty\GLM\glm\gtx\euler_angles.hpp"><Filter>ThirdParty\GLM\glm\gtx</Filter></ClInclude><ClInclude Include="D:\Projects\GameEngine\SourceCode\Engine\Binaries\..\Engine\ThirdParty\GLM\glm\gtx\extend.hpp"><Filter>ThirdParty\GLM\glm\gtx</Filter></ClInclude><ClInclude Include="D:\Projects\GameEngine\SourceCode\Engine\Binaries\..\Engine\ThirdParty\GLM\glm\gtx\extended_min_max.hpp"><Filter>ThirdParty\GLM\glm\gtx</Filter></ClInclude><ClInclude Include="D:\Projects\GameEngine\SourceCode\Engine\Binaries\..\Engine\ThirdParty\GLM\glm\gtx\exterior_product.hpp"><Filter>ThirdParty\GLM\glm\gtx</Filter></ClInclude><ClInclude Include="D:\Projects\GameEngine\SourceCode\Engine\Binaries\..\Engine\ThirdParty\GLM\glm\gtx\fast_exponential.hpp"><Filter>ThirdParty\GLM\glm\gtx</Filter></ClInclude><ClInclude Include="D:\Projects\GameEngine\SourceCode\Engine\Binaries\..\Engine\ThirdParty\GLM\glm\gtx\fast_square_root.hpp"><Filter>ThirdParty\GLM\glm\gtx</Filter></ClInclude><ClInclude Include="D:\Projects\GameEngine\SourceCode\Engine\Binaries\..\Engine\ThirdParty\GLM\glm\gtx\fast_trigonometry.hpp"><Filter>ThirdParty\GLM\glm\gtx</Filter></ClInclude><ClInclude Include="D:\Projects\GameEngine\SourceCode\Engine\Binaries\..\Engine\ThirdParty\GLM\glm\gtx\functions.hpp"><Filter>ThirdParty\GLM\glm\gtx</Filter></ClInclude><ClInclude Include="D:\Projects\GameEngine\SourceCode\Engine\Binaries\..\Engine\ThirdParty\GLM\glm\gtx\gradient_paint.hpp"><Filter>ThirdParty\GLM\glm\gtx</Filter></ClInclude><ClInclude Include="D:\Projects\GameEngine\SourceCode\Engine\Binaries\..\Engine\ThirdParty\GLM\glm\gtx\handed_coordinate_space.hpp"><Filter>ThirdParty\GLM\glm\gtx</Filter></ClInclude><ClInclude Include="D:\Projects\GameEngine\SourceCode\Engine\Binaries\..\Engine\ThirdParty\GLM\glm\gtx\hash.hpp"><Filter>ThirdParty\GLM\glm\gtx</Filter></ClInclude><ClInclude Include="D:\Projects\GameEngine\SourceCode\Engine\Binaries\..\Engine\ThirdParty\GLM\glm\gtx\integer.hpp"><Filter>ThirdParty\GLM\glm\gtx</Filter></ClInclude><ClInclude Include="D:\Projects\GameEngine\SourceCode\Engine\Binaries\..\Engine\ThirdParty\GLM\glm\gtx\intersect.hpp"><Filter>ThirdParty\GLM\glm\gtx</Filter></ClInclude><ClInclude Include="D:\Projects\GameEngine\SourceCode\Engine\Binaries\..\Engine\ThirdParty\GLM\glm\gtx\io.hpp"><Filter>ThirdParty\GLM\glm\gtx</Filter></ClInclude><ClInclude Include="D:\Projects\GameEngine\SourceCode\Engine\Binaries\..\Engine\ThirdParty\GLM\glm\gtx\log_base.hpp"><Filter>ThirdParty\GLM\glm\gtx</Filter></ClInclude><ClInclude Include="D:\Projects\GameEngine\SourceCode\Engine\Binaries\..\Engine\ThirdParty\GLM\glm\gtx\matrix_cross_product.hpp"><Filter>ThirdParty\GLM\glm\gtx</Filter></ClInclude><ClInclude Include="D:\Projects\GameEngine\SourceCode\Engine\Binaries\..\Engine\ThirdParty\GLM\glm\gtx\matrix_decompose.hpp"><Filter>ThirdParty\GLM\glm\gtx</Filter></ClInclude><ClInclude Include="D:\Projects\GameEngine\SourceCode\Engine\Binaries\..\Engine\ThirdParty\GLM\glm\gtx\matrix_factorisation.hpp"><Filter>ThirdParty\GLM\glm\gtx</Filter></ClInclude><ClInclude Include="D:\Projects\GameEngine\SourceCode\Engine\Binaries\..\Engine\ThirdParty\GLM\glm\gtx\matrix_interpolation.hpp"><Filter>ThirdParty\GLM\glm\gtx</Filter></ClInclude><ClInclude Include="D:\Projects\GameEngine\SourceCode\Engine\Binaries\..\Engine\ThirdParty\GLM\glm\gtx\matrix_major_storage.hpp"><Filter>ThirdParty\GLM\glm\gtx</Filter></ClInclude><ClInclude Include="D:\Projects\GameEngine\SourceCode\Engine\Binaries\..\Engine\ThirdParty\GLM\glm\gtx\matrix_operation.hpp"><Filter>ThirdParty\GLM\glm\gtx</Filter></ClInclude><ClInclude Include="D:\Projects\GameEngine\SourceCode\Engine\Binaries\..\Engine\ThirdParty\GLM\glm\gtx\matrix_query.hpp"><Filter>ThirdParty\GLM\glm\gtx</Filter></ClInclude><ClInclude Include="D:\Projects\GameEngine\SourceCode\Engine\Binaries\..\Engine\ThirdParty\GLM\glm\gtx\matrix_transform_2d.hpp"><Filter>ThirdParty\GLM\glm\gtx</Filter></ClInclude><ClInclude Include="D:\Projects\GameEngine\SourceCode\Engine\Binaries\..\Engine\ThirdParty\GLM\glm\gtx\mixed_product.hpp"><Filter>ThirdParty\GLM\glm\gtx</Filter></ClInclude><ClInclude Include="D:\Projects\GameEngine\SourceCode\Engine\Binaries\..\Engine\ThirdParty\GLM\glm\gtx\norm.hpp"><Filter>ThirdParty\GLM\glm\gtx</Filter></ClInclude><ClInclude Include="D:\Projects\GameEngine\SourceCode\Engine\Binaries\..\Engine\ThirdParty\GLM\glm\gtx\normal.hpp"><Filter>ThirdParty\GLM\glm\gtx</Filter></ClInclude><ClInclude Include="D:\Projects\GameEngine\SourceCode\Engine\Binaries\..\Engine\ThirdParty\GLM\glm\gtx\normalize_dot.hpp"><Filter>ThirdParty\GLM\glm\gtx</Filter></ClInclude><ClInclude Include="D:\Projects\GameEngine\SourceCode\Engine\Binaries\..\Engine\ThirdParty\GLM\glm\gtx\number_precision.hpp"><Filter>ThirdParty\GLM\glm\gtx</Filter></ClInclude><ClInclude Include="D:\Projects\GameEngine\SourceCode\Engine\Binaries\..\Engine\ThirdParty\GLM\glm\gtx\optimum_pow.hpp"><Filter>ThirdParty\GLM\glm\gtx</Filter></ClInclude><ClInclude Include="D:\Projects\GameEngine\SourceCode\Engine\Binaries\..\Engine\ThirdParty\GLM\glm\gtx\orthonormalize.hpp"><Filter>ThirdParty\GLM\glm\gtx</Filter></ClInclude><ClInclude Include="D:\Projects\GameEngine\SourceCode\Engine\Binaries\..\Engine\ThirdParty\GLM\glm\gtx\perpendicular.hpp"><Filter>ThirdParty\GLM\glm\gtx</Filter></ClInclude><ClInclude Include="D:\Projects\GameEngine\SourceCode\Engine\Binaries\..\Engine\ThirdParty\GLM\glm\gtx\polar_coordinates.hpp"><Filter>ThirdParty\GLM\glm\gtx</Filter></ClInclude><ClInclude Include="D:\Projects\GameEngine\SourceCode\Engine\Binaries\..\Engine\ThirdParty\GLM\glm\gtx\projection.hpp"><Filter>ThirdParty\GLM\glm\gtx</Filter></ClInclude><ClInclude Include="D:\Projects\GameEngine\SourceCode\Engine\Binaries\..\Engine\ThirdParty\GLM\glm\gtx\quaternion.hpp"><Filter>ThirdParty\GLM\glm\gtx</Filter></ClInclude><ClInclude Include="D:\Projects\GameEngine\SourceCode\Engine\Binaries\..\Engine\ThirdParty\GLM\glm\gtx\range.hpp"><Filter>ThirdParty\GLM\glm\gtx</Filter></ClInclude><ClInclude Include="D:\Projects\GameEngine\SourceCode\Engine\Binaries\..\Engine\ThirdParty\GLM\glm\gtx\raw_data.hpp"><Filter>ThirdParty\GLM\glm\gtx</Filter></ClInclude><ClInclude Include="D:\Projects\GameEngine\SourceCode\Engine\Binaries\..\Engine\ThirdParty\GLM\glm\gtx\rotate_normalized_axis.hpp"><Filter>ThirdParty\GLM\glm\gtx</Filter></ClInclude><ClInclude Include="D:\Projects\GameEngine\SourceCode\Engine\Binaries\..\Engine\ThirdParty\GLM\glm\gtx\rotate_vector.hpp"><Filter>ThirdParty\GLM\glm\gtx</Filter></ClInclude><ClInclude Include="D:\Projects\GameEngine\SourceCode\Engine\Binaries\..\Engine\ThirdParty\GLM\glm\gtx\scalar_multiplication.hpp"><Filter>ThirdParty\GLM\glm\gtx</Filter></ClInclude><ClInclude Include="D:\Projects\GameEngine\SourceCode\Engine\Binaries\..\Engine\ThirdParty\GLM\glm\gtx\scalar_relational.hpp"><Filter>ThirdParty\GLM\glm\gtx</Filter></ClInclude><ClInclude Include="D:\Projects\GameEngine\SourceCode\Engine\Binaries\..\Engine\ThirdParty\GLM\glm\gtx\spline.hpp"><Filter>ThirdParty\GLM\glm\gtx</Filter></ClInclude><ClInclude Include="D:\Projects\GameEngine\SourceCode\Engine\Binaries\..\Engine\ThirdParty\GLM\glm\gtx\std_based_type.hpp"><Filter>ThirdParty\GLM\glm\gtx</Filter></ClInclude><ClInclude Include="D:\Projects\GameEngine\SourceCode\Engine\Binaries\..\Engine\ThirdParty\GLM\glm\gtx\string_cast.hpp"><Filter>ThirdParty\GLM\glm\gtx</Filter></ClInclude><ClInclude Include="D:\Projects\GameEngine\SourceCode\Engine\Binaries\..\Engine\ThirdParty\GLM\glm\gtx\texture.hpp"><Filter>ThirdParty\GLM\glm\gtx</Filter></ClInclude><ClInclude Include="D:\Projects\GameEngine\SourceCode\Engine\Binaries\..\Engine\ThirdParty\GLM\glm\gtx\transform.hpp"><Filter>ThirdParty\GLM\glm\gtx</Filter></ClInclude><ClInclude Include="D:\Projects\GameEngine\SourceCode\Engine\Binaries\..\Engine\ThirdParty\GLM\glm\gtx\transform2.hpp"><Filter>ThirdParty\GLM\glm\gtx</Filter></ClInclude><ClInclude Include="D:\Projects\GameEngine\SourceCode\Engine\Binaries\..\Engine\ThirdParty\GLM\glm\gtx\type_aligned.hpp"><Filter>ThirdParty\GLM\glm\gtx</Filter></ClInclude><ClInclude Include="D:\Projects\GameEngine\SourceCode\Engine\Binaries\..\Engine\ThirdParty\GLM\glm\gtx\type_trait.hpp"><Filter>ThirdParty\GLM\glm\gtx</Filter></ClInclude><ClInclude Include="D:\Projects\GameEngine\SourceCode\Engine\Binaries\..\Engine\ThirdParty\GLM\glm\gtx\vector_angle.hpp"><Filter>ThirdParty\GLM\glm\gtx</Filter></ClInclude><ClInclude Include="D:\Projects\GameEngine\SourceCode\Engine\Binaries\..\Engine\ThirdParty\GLM\glm\gtx\vector_query.hpp"><Filter>ThirdParty\GLM\glm\gtx</Filter></ClInclude><ClInclude Include="D:\Projects\GameEngine\SourceCode\Engine\Binaries\..\Engine\ThirdParty\GLM\glm\gtx\vec_swizzle.hpp"><Filter>ThirdParty\GLM\glm\gtx</Filter></ClInclude><ClInclude Include="D:\Projects\GameEngine\SourceCode\Engine\Binaries\..\Engine\ThirdParty\GLM\glm\gtx\wrap.hpp"><Filter>ThirdParty\GLM\glm\gtx</Filter></ClInclude><ClInclude Include="D:\Projects\GameEngine\SourceCode\Engine\Binaries\..\Engine\ThirdParty\Vulkan\include\vulkan\spirv.hpp"><Filter>ThirdParty\Vulkan\include\vulkan</Filter></ClInclude><ClInclude Include="D:\Projects\GameEngine\SourceCode\Engine\Binaries\..\Engine\ThirdParty\Vulkan\include\vulkan\vulkan.hpp"><Filter>ThirdParty\Vulkan\include\vulkan</Filter></ClInclude><ClCompile Include="D:\Projects\GameEngine\SourceCode\Engine\Binaries\..\Engine\Containers\Strings.cpp"><Filter>Containers</Filter></ClCompile><ClCompile Include="D:\Projects\GameEngine\SourceCode\Engine\Binaries\..\Engine\Containers\Private\Allocators.cpp"><Filter>Containers\Private</Filter></ClCompile><ClCompile Include="D:\Projects\GameEngine\SourceCode\Engine\Binaries\..\Engine\Debugging\Debug.cpp"><Filter>Debugging</Filter></ClCompile><ClCompile Include="D:\Projects\GameEngine\SourceCode\Engine\Binaries\..\Engine\MemoryManagement\Allocator\AllocatorBase.cpp"><Filter>MemoryManagement\Allocator</Filter></ClCompile><ClCompile Include="D:\Projects\GameEngine\SourceCode\Engine\Binaries\..\Engine\MemoryManagement\Allocator\CustomAllocator.cpp"><Filter>MemoryManagement\Allocator</Filter></ClCompile><ClCompile Include="D:\Projects\GameEngine\SourceCode\Engine\Binaries\..\Engine\MemoryManagement\Allocator\DefaultAllocator.cpp"><Filter>MemoryManagement\Allocator</Filter></ClCompile><ClCompile Include="D:\Projects\GameEngine\SourceCode\Engine\Binaries\..\Engine\MemoryManagement\Allocator\DynamicSizeAllocator.cpp"><Filter>MemoryManagement\Allocator</Filter></ClCompile><ClCompile Include="D:\Projects\GameEngine\SourceCode\Engine\Binaries\..\Engine\MemoryManagement\Allocator\FixedSizeAllocator.cpp"><Filter>MemoryManagement\Allocator</Filter></ClCompile><ClCompile Include="D:\Projects\GameEngine\SourceCode\Engine\Binaries\..\Engine\MemoryManagement\Allocator\RootAllocator.cpp"><Filter>MemoryManagement\Allocator</Filter></ClCompile><ClCompile Include="D:\Projects\GameEngine\SourceCode\Engine\Binaries\..\Engine\MemoryManagement\Allocator\Private\Instantiation.cpp"><Filter>MemoryManagement\Allocator\Private</Filter></ClCompile><ClCompile Include="D:\Projects\GameEngine\SourceCode\Engine\Binaries\..\Engine\Networking\Connection.cpp"><Filter>Networking</Filter></ClCompile><ClCompile Include="D:\Projects\GameEngine\SourceCode\Engine\Binaries\..\Engine\Networking\ConnectionBase.cpp"><Filter>Networking</Filter></ClCompile><ClCompile Include="D:\Projects\GameEngine\SourceCode\Engine\Binaries\..\Engine\Networking\NetworkManager.cpp"><Filter>Networking</Filter></ClCompile><ClCompile Include="D:\Projects\GameEngine\SourceCode\Engine\Binaries\..\Engine\Networking\ReliableConnection.cpp"><Filter>Networking</Filter></ClCompile><ClCompile Include="D:\Projects\GameEngine\SourceCode\Engine\Binaries\..\Engine\Networking\ServerConnection.cpp"><Filter>Networking</Filter></ClCompile><ClCompile Include="D:\Projects\GameEngine\SourceCode\Engine\Binaries\..\Engine\Networking\Socket.cpp"><Filter>Networking</Filter></ClCompile><ClCompile Include="D:\Projects\GameEngine\SourceCode\Engine\Binaries\..\Engine\Parallelizing\JobManager.cpp"><Filter>Parallelizing</Filter></ClCompile><ClCompile Include="D:\Projects\GameEngine\SourceCode\Engine\Binaries\..\Engine\Parallelizing\Private\Allocators.cpp"><Filter>Parallelizing\Private</Filter></ClCompile><ClCompile Include="D:\Projects\GameEngine\SourceCode\Engine\Binaries\..\Engine\Platform\PlatformDirectory.cpp"><Filter>Platform</Filter></ClCompile><ClCompile Include="D:\Projects\GameEngine\SourceCode\Engine\Binaries\..\Engine\Platform\PlatformFiber.cpp"><Filter>Platform</Filter></ClCompile><ClCompile Include="D:\Projects\GameEngine\SourceCode\Engine\Binaries\..\Engine\Platform\PlatformFile.cpp"><Filter>Platform</Filter></ClCompile><ClCompile Include="D:\Projects\GameEngine\SourceCode\Engine\Binaries\..\Engine\Platform\PlatformMemory.cpp"><Filter>Platform</Filter></ClCompile><ClCompile Include="D:\Projects\GameEngine\SourceCode\Engine\Binaries\..\Engine\Platform\PlatformNetwork.cpp"><Filter>Platform</Filter></ClCompile><ClCompile Include="D:\Projects\GameEngine\SourceCode\Engine\Binaries\..\Engine\Platform\PlatformOS.cpp"><Filter>Platform</Filter></ClCompile><ClCompile Include="D:\Projects\GameEngine\SourceCode\Engine\Binaries\..\Engine\Platform\PlatformThread.cpp"><Filter>Platform</Filter></ClCompile><ClCompile Include="D:\Projects\GameEngine\SourceCode\Engine\Binaries\..\Engine\Platform\PlatformWindow.cpp"><Filter>Platform</Filter></ClCompile><ClCompile Include="D:\Projects\GameEngine\SourceCode\Engine\Binaries\..\Engine\Rendering\DeviceInterfarce.cpp"><Filter>Rendering</Filter></ClCompile><ClCompile Include="D:\Projects\GameEngine\SourceCode\Engine\Binaries\..\Engine\Rendering\Program.cpp"><Filter>Rendering</Filter></ClCompile><ClCompile Include="D:\Projects\GameEngine\SourceCode\Engine\Binaries\..\Engine\Rendering\RenderingManager.cpp"><Filter>Rendering</Filter></ClCompile><ClCompile Include="D:\Projects\GameEngine\SourceCode\Engine\Binaries\..\Engine\Rendering\Texture.cpp"><Filter>Rendering</Filter></ClCompile><ClCompile Include="D:\Projects\GameEngine\SourceCode\Engine\Binaries\..\Engine\Rendering\Window.cpp"><Filter>Rendering</Filter></ClCompile><ClCompile Include="D:\Projects\GameEngine\SourceCode\Engine\Binaries\..\Engine\Rendering\Private\Allocators.cpp"><Filter>Rendering\Private</Filter></ClCompile><ClCompile Include="D:\Projects\GameEngine\SourceCode\Engine\Binaries\..\Engine\Rendering\Private\OpenGL\OpenGLDevice.cpp"><Filter>Rendering\Private\OpenGL</Filter></ClCompile><ClCompile Include="D:\Projects\GameEngine\SourceCode\Engine\Binaries\..\Engine\ResourceSystem\ResourceManager.cpp"><Filter>ResourceSystem</Filter></ClCompile><ClCompile Include="D:\Projects\GameEngine\SourceCode\Engine\Binaries\..\Engine\Test\TestFile\TestFile.cpp"><Filter>Test\TestFile</Filter></ClCompile><ClCompile Include="D:\Projects\GameEngine\SourceCode\Engine\Binaries\..\Engine\Test\TestLauncher\TestLauncher.cpp"><Filter>Test\TestLauncher</Filter></ClCompile><ClCompile Include="D:\Projects\GameEngine\SourceCode\Engine\Binaries\..\Engine\Test\TestNetwork\TestNetwork.cpp"><Filter>Test\TestNetwork</Filter></ClCompile><ClCompile Include="D:\Projects\GameEngine\SourceCode\Engine\Binaries\..\Engine\Test\TestOpenGL\TestOpenGL.cpp"><Filter>Test\TestOpenGL</Filter></ClCompile><ClCompile Include="D:\Projects\GameEngine\SourceCode\Engine\Binaries\..\Engine\Test\TestParallelizing\TestParallelizing.cpp"><Filter>Test\TestParallelizing</Filter></ClCompile><ClCompile Include="D:\Projects\GameEngine\SourceCode\Engine\Binaries\..\Engine\Test\TestRendering\TestRendering.cpp"><Filter>Test\TestRendering</Filter></ClCompile><ClCompile Include="D:\Projects\GameEngine\SourceCode\Engine\Binaries\..\Engine\ThirdParty\GLM\glm\detail\dummy.cpp"><Filter>ThirdParty\GLM\glm\detail</Filter></ClCompile><ClCompile Include="D:\Projects\GameEngine\SourceCode\Engine\Binaries\..\Engine\ThirdParty\GLM\glm\detail\glm.cpp"><Filter>ThirdParty\GLM\glm\detail</Filter></ClCompile><ClCompile Include="D:\Projects\GameEngine\SourceCode\Engine\Binaries\..\Engine\Threading\Fiber.cpp"><Filter>Threading</Filter></ClCompile><ClCompile Include="D:\Projects\GameEngine\SourceCode\Engine\Binaries\..\Engine\Threading\Thread.cpp"><Filter>Threading</Filter></ClCompile><ClCompile Include="D:\Projects\GameEngine\SourceCode\Engine\Binaries\..\Engine\Utility\FileSystem.cpp"><Filter>Utility</Filter></ClCompile><ClCompile Include="D:\Projects\GameEngine\SourceCode\Engine\Binaries\..\Engine\Utility\YAMLArray.cpp"><Filter>Utility</Filter></ClCompile><ClCompile Include="D:\Projects\GameEngine\SourceCode\Engine\Binaries\..\Engine\Utility\YAMLData.cpp"><Filter>Utility</Filter></ClCompile><ClCompile Include="D:\Projects\GameEngine\SourceCode\Engine\Binaries\..\Engine\Utility\YAMLObject.cpp"><Filter>Utility</Filter></ClCompile></ItemGroup><ItemGroup /><ItemGroup><None Include="D:\Projects\GameEngine\SourceCode\Engine\Binaries\..\Engine\Common\Common.Rules.cs"><Filter>Common</Filter></None><None Include="D:\Projects\GameEngine\SourceCode\Engine\Binaries\..\Engine\Containers\Containers.Rules.cs"><Filter>Containers</Filter></None><None Include="D:\Projects\GameEngine\SourceCode\Engine\Binaries\..\Engine\Debugging\Debugging.Rules.cs"><Filter>Debugging</Filter></None><None Include="D:\Projects\GameEngine\SourceCode\Engine\Binaries\..\Engine\MemoryManagement\MemoryManagement.Rules.cs"><Filter>MemoryManagement</Filter></None><None Include="D:\Projects\GameEngine\SourceCode\Engine\Binaries\..\Engine\Networking\Networking.Rules.cs"><Filter>Networking</Filter></None><None Include="D:\Projects\GameEngine\SourceCode\Engine\Binaries\..\Engine\Parallelizing\Parallelizing.Rules.cs"><Filter>Parallelizing</Filter></None><None Include="D:\Projects\GameEngine\SourceCode\Engine\Binaries\..\Engine\Platform\Platform.Rules.cs"><Filter>Platform</Filter></None><None Include="D:\Projects\GameEngine\SourceCode\Engine\Binaries\..\Engine\Rendering\Rendering.Rules.cs"><Filter>Rendering</Filter></None><None Include="D:\Projects\GameEngine\SourceCode\Engine\Binaries\..\Engine\ResourceSystem\ResourceSystem.Rules.cs"><Filter>ResourceSystem</Filter></None><None Include="D:\Projects\GameEngine\SourceCode\Engine\Binaries\..\Engine\Test\TestFile\TestFile.Rules.cs"><Filter>Test\TestFile</Filter></None><None Include="D:\Projects\GameEngine\SourceCode\Engine\Binaries\..\Engine\Test\TestLauncher\TestLauncher.Rules.cs"><Filter>Test\TestLauncher</Filter></None><None Include="D:\Projects\GameEngine\SourceCode\Engine\Binaries\..\Engine\Test\TestNetwork\TestNetwork.Rules.cs"><Filter>Test\TestNetwork</Filter></None><None Include="D:\Projects\GameEngine\SourceCode\Engine\Binaries\..\Engine\Test\TestOpenGL\TestOpenGL.Rules.cs"><Filter>Test\TestOpenGL</Filter></None><None Include="D:\Projects\GameEngine\SourceCode\Engine\Binaries\..\Engine\Test\TestParallelizing\TestParallelizing.Rules.cs"><Filter>Test\TestParallelizing</Filter></None><None Include="D:\Projects\GameEngine\SourceCode\Engine\Binaries\..\Engine\Test\TestRendering\TestRendering.Rules.cs"><Filter>Test\TestRendering</Filter></None><None Include="D:\Projects\GameEngine\SourceCode\Engine\Binaries\..\Engine\ThirdParty\GL\GL.Rules.cs"><Filter>ThirdParty\GL</Filter></None><None Include="D:\Projects\GameEngine\SourceCode\Engine\Binaries\..\Engine\ThirdParty\GLEW\GLEW.Rules.cs"><Filter>ThirdParty\GLEW</Filter></None><None Include="D:\Projects\GameEngine\SourceCode\Engine\Binaries\..\Engine\ThirdParty\GLFW\GLFW.Rules.cs"><Filter>ThirdParty\GLFW</Filter></None><None Include="D:\Projects\GameEngine\SourceCode\Engine\Binaries\..\Engine\ThirdParty\GLM\GLM.Rules.cs"><Filter>ThirdParty\GLM</Filter></None><None Include="D:\Projects\GameEngine\SourceCode\Engine\Binaries\..\Engine\ThirdParty\Vulkan\Vulkan.Rules.cs"><Filter>ThirdParty\Vulkan</Filter></None><None Include="D:\Projects\GameEngine\SourceCode\Engine\Binaries\..\Engine\Threading\Threading.Rules.cs"><Filter>Threading</Filter></None><None Include="D:\Projects\GameEngine\SourceCode\Engine\Binaries\..\Engine\Utility\Utility.Rules.cs"><Filter>Utility</Filter></None></ItemGroup></Project>