<?xml version="1.0" encoding="utf-8"?>
<Project ToolsVersion="4.0" xmlns="http://schemas.microsoft.com/developer/msbuild/2003">
  <ItemGroup>
    <Filter Include="Common">
      <UniqueIdentifier>{daff9104-83ee-4cf3-ba01-f0026c8cc421}</UniqueIdentifier>
    </Filter>
    <Filter Include="Debugging">
      <UniqueIdentifier>{df239222-e6f5-4604-bff2-33588be7017a}</UniqueIdentifier>
    </Filter>
    <Filter Include="MemoryManagerment">
      <UniqueIdentifier>{ff6661f8-0d18-4370-8a9b-95f0b626a9ab}</UniqueIdentifier>
    </Filter>
    <Filter Include="Platform">
      <UniqueIdentifier>{8508ca1a-6b82-4963-a335-f31979a8c1c8}</UniqueIdentifier>
    </Filter>
    <Filter Include="MemoryManagerment\Allocator">
      <UniqueIdentifier>{3530c99e-919f-4945-87b8-7b06d9a71abd}</UniqueIdentifier>
    </Filter>
  </ItemGroup>
  <ItemGroup>
    <ClInclude Include="Common\PrimitiveTypes.h">
      <Filter>Common</Filter>
    </ClInclude>
    <ClInclude Include="Debugging\Debug.h">
      <Filter>Debugging</Filter>
    </ClInclude>
    <ClInclude Include="MemoryManagerment\MemoryHandle.h">
      <Filter>MemoryManagerment</Filter>
    </ClInclude>
    <ClInclude Include="MemoryManagerment\SharedMemory.h">
      <Filter>MemoryManagerment</Filter>
    </ClInclude>
    <ClInclude Include="MemoryManagerment\Allocator\AllocatorBase.h">
      <Filter>MemoryManagerment\Allocator</Filter>
    </ClInclude>
    <ClInclude Include="MemoryManagerment\Allocator\DefaultAllocator.h">
      <Filter>MemoryManagerment\Allocator</Filter>
    </ClInclude>
    <ClInclude Include="MemoryManagerment\Allocator\DynamicSizeAllocator.h">
      <Filter>MemoryManagerment\Allocator</Filter>
    </ClInclude>
    <ClInclude Include="Platform\Memory.h">
      <Filter>Platform</Filter>
    </ClInclude>
  </ItemGroup>
  <ItemGroup>
    <ClCompile Include="Debugging\Debug.cpp">
      <Filter>Debugging</Filter>
    </ClCompile>
    <ClCompile Include="Platform\Memory.cpp">
      <Filter>Platform</Filter>
    </ClCompile>
    <ClCompile Include="Main.cpp" />
  </ItemGroup>
</Project>