<?xml version="1.0" encoding="utf-8"?>
<Project ToolsVersion="4.0" xmlns="http://schemas.microsoft.com/developer/msbuild/2003">
  <ItemGroup>
    <ClCompile Include="E:\Projects\GameEngine\SourceCode\Engine\Binaries\..\Engine\Debugging\Debug.cpp" />
    <ClCompile Include="E:\Projects\GameEngine\SourceCode\Engine\Binaries\..\Engine\MemoryManagement\Allocator\AllocatorBase.cpp" />
    <ClCompile Include="E:\Projects\GameEngine\SourceCode\Engine\Binaries\..\Engine\MemoryManagement\Allocator\CustomAllocator.cpp" />
    <ClCompile Include="E:\Projects\GameEngine\SourceCode\Engine\Binaries\..\Engine\MemoryManagement\Allocator\DefaultAllocator.cpp" />
    <ClCompile Include="E:\Projects\GameEngine\SourceCode\Engine\Binaries\..\Engine\MemoryManagement\Allocator\DynamicSizeAllocator.cpp" />
    <ClCompile Include="E:\Projects\GameEngine\SourceCode\Engine\Binaries\..\Engine\MemoryManagement\Allocator\FixedSizeAllocator.cpp" />
    <ClCompile Include="E:\Projects\GameEngine\SourceCode\Engine\Binaries\..\Engine\MemoryManagement\Allocator\RootAllocator.cpp" />
    <ClCompile Include="E:\Projects\GameEngine\SourceCode\Engine\Binaries\..\Engine\Networking\Connection.cpp" />
    <ClCompile Include="E:\Projects\GameEngine\SourceCode\Engine\Binaries\..\Engine\Networking\ConnectionBase.cpp" />
    <ClCompile Include="E:\Projects\GameEngine\SourceCode\Engine\Binaries\..\Engine\Networking\NetworkManager.cpp" />
    <ClCompile Include="E:\Projects\GameEngine\SourceCode\Engine\Binaries\..\Engine\Networking\ReliableConnection.cpp" />
    <ClCompile Include="E:\Projects\GameEngine\SourceCode\Engine\Binaries\..\Engine\Networking\ServerConnection.cpp" />
    <ClCompile Include="E:\Projects\GameEngine\SourceCode\Engine\Binaries\..\Engine\Networking\Socket.cpp" />
    <ClCompile Include="E:\Projects\GameEngine\SourceCode\Engine\Binaries\..\Engine\Parallelizing\Job.cpp" />
    <ClCompile Include="E:\Projects\GameEngine\SourceCode\Engine\Binaries\..\Engine\Parallelizing\JobDescription.cpp" />
    <ClCompile Include="E:\Projects\GameEngine\SourceCode\Engine\Binaries\..\Engine\Parallelizing\JobManager.cpp" />
    <ClCompile Include="E:\Projects\GameEngine\SourceCode\Engine\Binaries\..\Engine\Platform\PlatformFiber.cpp" />
    <ClCompile Include="E:\Projects\GameEngine\SourceCode\Engine\Binaries\..\Engine\Platform\PlatformFile.cpp" />
    <ClCompile Include="E:\Projects\GameEngine\SourceCode\Engine\Binaries\..\Engine\Platform\PlatformMemory.cpp" />
    <ClCompile Include="E:\Projects\GameEngine\SourceCode\Engine\Binaries\..\Engine\Platform\PlatformNetwork.cpp" />
    <ClCompile Include="E:\Projects\GameEngine\SourceCode\Engine\Binaries\..\Engine\Platform\PlatformThread.cpp" />
    <ClCompile Include="E:\Projects\GameEngine\SourceCode\Engine\Binaries\..\Engine\Test\TestFile\TestFile.cpp" />
    <ClCompile Include="E:\Projects\GameEngine\SourceCode\Engine\Binaries\..\Engine\Test\TestLauncher\TestLauncher.cpp" />
    <ClCompile Include="E:\Projects\GameEngine\SourceCode\Engine\Binaries\..\Engine\Test\TestNetwork\TestNetwork.cpp" />
    <ClCompile Include="E:\Projects\GameEngine\SourceCode\Engine\Binaries\..\Engine\Test\TestParallelizing\TestParallelizing.cpp" />
    <ClCompile Include="E:\Projects\GameEngine\SourceCode\Engine\Binaries\..\Engine\Threading\Fiber.cpp" />
    <ClCompile Include="E:\Projects\GameEngine\SourceCode\Engine\Binaries\..\Engine\Threading\Thread.cpp" />
  </ItemGroup>
  <ItemGroup>
    <ClInclude Include="E:\Projects\GameEngine\SourceCode\Engine\Binaries\..\Engine\Common\BitwiseUtils.h" />
    <ClInclude Include="E:\Projects\GameEngine\SourceCode\Engine\Binaries\..\Engine\Common\BytesOf.h" />
    <ClInclude Include="E:\Projects\GameEngine\SourceCode\Engine\Binaries\..\Engine\Common\Mathematics.h" />
    <ClInclude Include="E:\Projects\GameEngine\SourceCode\Engine\Binaries\..\Engine\Common\PrimitiveTypes.h" />
    <ClInclude Include="E:\Projects\GameEngine\SourceCode\Engine\Binaries\..\Engine\Common\StringUtils.h" />
    <ClInclude Include="E:\Projects\GameEngine\SourceCode\Engine\Binaries\..\Engine\Containers\ConstantString.h" />
    <ClInclude Include="E:\Projects\GameEngine\SourceCode\Engine\Binaries\..\Engine\Containers\DynamicString.h" />
    <ClInclude Include="E:\Projects\GameEngine\SourceCode\Engine\Binaries\..\Engine\Containers\Strings.h" />
    <ClInclude Include="E:\Projects\GameEngine\SourceCode\Engine\Binaries\..\Engine\Containers\ThreadSafeQueue.h" />
    <ClInclude Include="E:\Projects\GameEngine\SourceCode\Engine\Binaries\..\Engine\Debugging\Debug.h" />
    <ClInclude Include="E:\Projects\GameEngine\SourceCode\Engine\Binaries\..\Engine\MemoryManagement\ReferenceCounted.h" />
    <ClInclude Include="E:\Projects\GameEngine\SourceCode\Engine\Binaries\..\Engine\MemoryManagement\ReferenceCountedInfo.h" />
    <ClInclude Include="E:\Projects\GameEngine\SourceCode\Engine\Binaries\..\Engine\MemoryManagement\SharedMemory.h" />
    <ClInclude Include="E:\Projects\GameEngine\SourceCode\Engine\Binaries\..\Engine\MemoryManagement\Allocator\AllocatorBase.h" />
    <ClInclude Include="E:\Projects\GameEngine\SourceCode\Engine\Binaries\..\Engine\MemoryManagement\Allocator\CustomAllocator.h" />
    <ClInclude Include="E:\Projects\GameEngine\SourceCode\Engine\Binaries\..\Engine\MemoryManagement\Allocator\DefaultAllocator.h" />
    <ClInclude Include="E:\Projects\GameEngine\SourceCode\Engine\Binaries\..\Engine\MemoryManagement\Allocator\DynamicSizeAllocator.h" />
    <ClInclude Include="E:\Projects\GameEngine\SourceCode\Engine\Binaries\..\Engine\MemoryManagement\Allocator\FixedSizeAllocator.h" />
    <ClInclude Include="E:\Projects\GameEngine\SourceCode\Engine\Binaries\..\Engine\MemoryManagement\Allocator\MemoryHeader.h" />
    <ClInclude Include="E:\Projects\GameEngine\SourceCode\Engine\Binaries\..\Engine\MemoryManagement\Allocator\RootAllocator.h" />
    <ClInclude Include="E:\Projects\GameEngine\SourceCode\Engine\Binaries\..\Engine\Networking\Address.h" />
    <ClInclude Include="E:\Projects\GameEngine\SourceCode\Engine\Binaries\..\Engine\Networking\Connection.h" />
    <ClInclude Include="E:\Projects\GameEngine\SourceCode\Engine\Binaries\..\Engine\Networking\ConnectionBase.h" />
    <ClInclude Include="E:\Projects\GameEngine\SourceCode\Engine\Binaries\..\Engine\Networking\ConnectionProtocol.h" />
    <ClInclude Include="E:\Projects\GameEngine\SourceCode\Engine\Binaries\..\Engine\Networking\NetworkManager.h" />
    <ClInclude Include="E:\Projects\GameEngine\SourceCode\Engine\Binaries\..\Engine\Networking\ReliableConnection.h" />
    <ClInclude Include="E:\Projects\GameEngine\SourceCode\Engine\Binaries\..\Engine\Networking\ServerConnection.h" />
    <ClInclude Include="E:\Projects\GameEngine\SourceCode\Engine\Binaries\..\Engine\Networking\Socket.h" />
    <ClInclude Include="E:\Projects\GameEngine\SourceCode\Engine\Binaries\..\Engine\Parallelizing\Job.h" />
    <ClInclude Include="E:\Projects\GameEngine\SourceCode\Engine\Binaries\..\Engine\Parallelizing\JobDescription.h" />
    <ClInclude Include="E:\Projects\GameEngine\SourceCode\Engine\Binaries\..\Engine\Parallelizing\JobManager.h" />
    <ClInclude Include="E:\Projects\GameEngine\SourceCode\Engine\Binaries\..\Engine\Platform\PlatformFiber.h" />
    <ClInclude Include="E:\Projects\GameEngine\SourceCode\Engine\Binaries\..\Engine\Platform\PlatformFile.h" />
    <ClInclude Include="E:\Projects\GameEngine\SourceCode\Engine\Binaries\..\Engine\Platform\PlatformMemory.h" />
    <ClInclude Include="E:\Projects\GameEngine\SourceCode\Engine\Binaries\..\Engine\Platform\PlatformNetwork.h" />
    <ClInclude Include="E:\Projects\GameEngine\SourceCode\Engine\Binaries\..\Engine\Platform\PlatformThread.h" />
    <ClInclude Include="E:\Projects\GameEngine\SourceCode\Engine\Binaries\..\Engine\Threading\Fiber.h" />
    <ClInclude Include="E:\Projects\GameEngine\SourceCode\Engine\Binaries\..\Engine\Threading\Thread.h" />
  </ItemGroup>
  <ItemGroup>
    <None Include="E:\Projects\GameEngine\SourceCode\Engine\Binaries\..\Engine\Common\Common.Rules.cs" />
    <None Include="E:\Projects\GameEngine\SourceCode\Engine\Binaries\..\Engine\Containers\Containers.Rules.cs" />
    <None Include="E:\Projects\GameEngine\SourceCode\Engine\Binaries\..\Engine\Debugging\Debugging.Rules.cs" />
    <None Include="E:\Projects\GameEngine\SourceCode\Engine\Binaries\..\Engine\MemoryManagement\MemoryManagement.Rules.cs" />
    <None Include="E:\Projects\GameEngine\SourceCode\Engine\Binaries\..\Engine\Networking\Networking.Rules.cs" />
    <None Include="E:\Projects\GameEngine\SourceCode\Engine\Binaries\..\Engine\Parallelizing\Parallelizing.Rules.cs" />
    <None Include="E:\Projects\GameEngine\SourceCode\Engine\Binaries\..\Engine\Platform\Platform.Rules.cs" />
    <None Include="E:\Projects\GameEngine\SourceCode\Engine\Binaries\..\Engine\Test\TestFile\TestFile.Rules.cs" />
    <None Include="E:\Projects\GameEngine\SourceCode\Engine\Binaries\..\Engine\Test\TestLauncher\TestLauncher.Rules.cs" />
    <None Include="E:\Projects\GameEngine\SourceCode\Engine\Binaries\..\Engine\Test\TestNetwork\TestNetwork.Rules.cs" />
    <None Include="E:\Projects\GameEngine\SourceCode\Engine\Binaries\..\Engine\Test\TestParallelizing\TestParallelizing.Rules.cs" />
    <None Include="E:\Projects\GameEngine\SourceCode\Engine\Binaries\..\Engine\Threading\Threading.Rules.cs" />
  </ItemGroup>
</Project>