<?xml version="1.0" encoding="utf-8"?>
<Project ToolsVersion="4.0" xmlns="http://schemas.microsoft.com/developer/msbuild/2003">
  <ItemGroup>
    <Filter Include="Test">
      <UniqueIdentifier>{a6b39a41-2a8f-4f09-8ada-76f6e52aba72}</UniqueIdentifier>
    </Filter>
    <Filter Include="Test\TestNetwork">
      <UniqueIdentifier>{3bbce2ef-ddfd-417f-ab5f-5eeb2307bbc1}</UniqueIdentifier>
    </Filter>
  </ItemGroup>
  <ItemGroup>
    <ClCompile Include="..\Engine\Test\TestNetwork\TestNetwork.cpp">
      <Filter>Test\TestNetwork</Filter>
    </ClCompile>
  </ItemGroup>
  <ItemGroup>
    <None Include="..\Engine\Test\TestNetwork\TestNetwork.Rules.cs">
      <Filter>Test\TestNetwork</Filter>
    </None>
  </ItemGroup>
</Project>