<Project xmlns="http://schemas.microsoft.com/developer/msbuild/2003" ToolsVersion="4.0"><ItemGroup><Filter Include="Common"><UniqueIdentifier>{a0261ded-e07e-48ee-880e-1481b07076c3}</UniqueIdentifier></Filter><Filter Include="Containers"><UniqueIdentifier>{55a5cb00-fdfa-491c-92f7-83324d40a29d}</UniqueIdentifier></Filter><Filter Include="Debugging"><UniqueIdentifier>{48e5e886-17ba-4d20-bfb0-f7efa8cc907a}</UniqueIdentifier></Filter><Filter Include="MemoryManagement"><UniqueIdentifier>{818dc27a-22f3-41c4-bfac-dcce1cfc23a3}</UniqueIdentifier></Filter><Filter Include="MemoryManagement\Allocator"><UniqueIdentifier>{65ad1054-5a97-439b-8ca3-27c83cf88cce}</UniqueIdentifier></Filter><Filter Include="Networking"><UniqueIdentifier>{dadffb50-65c1-48f4-ad5c-f452c20db210}</UniqueIdentifier></Filter><Filter Include="Parallelizing"><UniqueIdentifier>{97bd861e-22c8-46d4-ad83-06fd9823eb01}</UniqueIdentifier></Filter><Filter Include="Platform"><UniqueIdentifier>{688e8cce-97aa-47b2-9103-09728d371704}</UniqueIdentifier></Filter><Filter Include="Threading"><UniqueIdentifier>{b447fcea-ab55-47bb-9a0d-d400b5c06ed2}</UniqueIdentifier></Filter><Filter Include="Test"><UniqueIdentifier>{f25043be-32ba-4b75-9b10-aa43b6d4c948}</UniqueIdentifier></Filter><Filter Include="Test\TestFile"><UniqueIdentifier>{6989b27b-73fe-4d53-8471-49cde13472de}</UniqueIdentifier></Filter><Filter Include="Test\TestLauncher"><UniqueIdentifier>{bc937d0f-130e-46b5-ba94-7eddb2951891}</UniqueIdentifier></Filter><Filter Include="Test\TestNetwork"><UniqueIdentifier>{7f422aed-c773-4f2a-9e86-a6e11cf09983}</UniqueIdentifier></Filter><Filter Include="Test\TestParallelizing"><UniqueIdentifier>{17283fc9-1bc8-4f6e-83cc-af0196e8743d}</UniqueIdentifier></Filter></ItemGroup><ItemGroup><ClInclude Include="E:\Projects\GameEngine\SourceCode\Engine\Binaries\..\Engine\Common\BitwiseUtils.h"><Filter>Common</Filter></ClInclude><ClInclude Include="E:\Projects\GameEngine\SourceCode\Engine\Binaries\..\Engine\Common\BytesOf.h"><Filter>Common</Filter></ClInclude><ClInclude Include="E:\Projects\GameEngine\SourceCode\Engine\Binaries\..\Engine\Common\Mathematics.h"><Filter>Common</Filter></ClInclude><ClInclude Include="E:\Projects\GameEngine\SourceCode\Engine\Binaries\..\Engine\Common\PrimitiveTypes.h"><Filter>Common</Filter></ClInclude><ClInclude Include="E:\Projects\GameEngine\SourceCode\Engine\Binaries\..\Engine\Common\StringUtils.h"><Filter>Common</Filter></ClInclude><ClInclude Include="E:\Projects\GameEngine\SourceCode\Engine\Binaries\..\Engine\Containers\ConstantString.h"><Filter>Containers</Filter></ClInclude><ClInclude Include="E:\Projects\GameEngine\SourceCode\Engine\Binaries\..\Engine\Containers\DynamicString.h"><Filter>Containers</Filter></ClInclude><ClInclude Include="E:\Projects\GameEngine\SourceCode\Engine\Binaries\..\Engine\Containers\Strings.h"><Filter>Containers</Filter></ClInclude><ClInclude Include="E:\Projects\GameEngine\SourceCode\Engine\Binaries\..\Engine\Containers\ThreadSafeQueue.h"><Filter>Containers</Filter></ClInclude><ClInclude Include="E:\Projects\GameEngine\SourceCode\Engine\Binaries\..\Engine\Debugging\Debug.h"><Filter>Debugging</Filter></ClInclude><ClInclude Include="E:\Projects\GameEngine\SourceCode\Engine\Binaries\..\Engine\MemoryManagement\ReferenceCounted.h"><Filter>MemoryManagement</Filter></ClInclude><ClInclude Include="E:\Projects\GameEngine\SourceCode\Engine\Binaries\..\Engine\MemoryManagement\ReferenceCountedInfo.h"><Filter>MemoryManagement</Filter></ClInclude><ClInclude Include="E:\Projects\GameEngine\SourceCode\Engine\Binaries\..\Engine\MemoryManagement\SharedMemory.h"><Filter>MemoryManagement</Filter></ClInclude><ClInclude Include="E:\Projects\GameEngine\SourceCode\Engine\Binaries\..\Engine\MemoryManagement\Allocator\AllocatorBase.h"><Filter>MemoryManagement\Allocator</Filter></ClInclude><ClInclude Include="E:\Projects\GameEngine\SourceCode\Engine\Binaries\..\Engine\MemoryManagement\Allocator\CustomAllocator.h"><Filter>MemoryManagement\Allocator</Filter></ClInclude><ClInclude Include="E:\Projects\GameEngine\SourceCode\Engine\Binaries\..\Engine\MemoryManagement\Allocator\DefaultAllocator.h"><Filter>MemoryManagement\Allocator</Filter></ClInclude><ClInclude Include="E:\Projects\GameEngine\SourceCode\Engine\Binaries\..\Engine\MemoryManagement\Allocator\DynamicSizeAllocator.h"><Filter>MemoryManagement\Allocator</Filter></ClInclude><ClInclude Include="E:\Projects\GameEngine\SourceCode\Engine\Binaries\..\Engine\MemoryManagement\Allocator\FixedSizeAllocator.h"><Filter>MemoryManagement\Allocator</Filter></ClInclude><ClInclude Include="E:\Projects\GameEngine\SourceCode\Engine\Binaries\..\Engine\MemoryManagement\Allocator\MemoryHeader.h"><Filter>MemoryManagement\Allocator</Filter></ClInclude><ClInclude Include="E:\Projects\GameEngine\SourceCode\Engine\Binaries\..\Engine\MemoryManagement\Allocator\RootAllocator.h"><Filter>MemoryManagement\Allocator</Filter></ClInclude><ClInclude Include="E:\Projects\GameEngine\SourceCode\Engine\Binaries\..\Engine\Networking\Address.h"><Filter>Networking</Filter></ClInclude><ClInclude Include="E:\Projects\GameEngine\SourceCode\Engine\Binaries\..\Engine\Networking\Connection.h"><Filter>Networking</Filter></ClInclude><ClInclude Include="E:\Projects\GameEngine\SourceCode\Engine\Binaries\..\Engine\Networking\ConnectionBase.h"><Filter>Networking</Filter></ClInclude><ClInclude Include="E:\Projects\GameEngine\SourceCode\Engine\Binaries\..\Engine\Networking\ConnectionProtocol.h"><Filter>Networking</Filter></ClInclude><ClInclude Include="E:\Projects\GameEngine\SourceCode\Engine\Binaries\..\Engine\Networking\NetworkManager.h"><Filter>Networking</Filter></ClInclude><ClInclude Include="E:\Projects\GameEngine\SourceCode\Engine\Binaries\..\Engine\Networking\ReliableConnection.h"><Filter>Networking</Filter></ClInclude><ClInclude Include="E:\Projects\GameEngine\SourceCode\Engine\Binaries\..\Engine\Networking\ServerConnection.h"><Filter>Networking</Filter></ClInclude><ClInclude Include="E:\Projects\GameEngine\SourceCode\Engine\Binaries\..\Engine\Networking\Socket.h"><Filter>Networking</Filter></ClInclude><ClInclude Include="E:\Projects\GameEngine\SourceCode\Engine\Binaries\..\Engine\Parallelizing\Job.h"><Filter>Parallelizing</Filter></ClInclude><ClInclude Include="E:\Projects\GameEngine\SourceCode\Engine\Binaries\..\Engine\Parallelizing\JobDescription.h"><Filter>Parallelizing</Filter></ClInclude><ClInclude Include="E:\Projects\GameEngine\SourceCode\Engine\Binaries\..\Engine\Parallelizing\JobManager.h"><Filter>Parallelizing</Filter></ClInclude><ClInclude Include="E:\Projects\GameEngine\SourceCode\Engine\Binaries\..\Engine\Platform\PlatformFiber.h"><Filter>Platform</Filter></ClInclude><ClInclude Include="E:\Projects\GameEngine\SourceCode\Engine\Binaries\..\Engine\Platform\PlatformFile.h"><Filter>Platform</Filter></ClInclude><ClInclude Include="E:\Projects\GameEngine\SourceCode\Engine\Binaries\..\Engine\Platform\PlatformMemory.h"><Filter>Platform</Filter></ClInclude><ClInclude Include="E:\Projects\GameEngine\SourceCode\Engine\Binaries\..\Engine\Platform\PlatformNetwork.h"><Filter>Platform</Filter></ClInclude><ClInclude Include="E:\Projects\GameEngine\SourceCode\Engine\Binaries\..\Engine\Platform\PlatformThread.h"><Filter>Platform</Filter></ClInclude><ClInclude Include="E:\Projects\GameEngine\SourceCode\Engine\Binaries\..\Engine\Threading\Fiber.h"><Filter>Threading</Filter></ClInclude><ClInclude Include="E:\Projects\GameEngine\SourceCode\Engine\Binaries\..\Engine\Threading\Thread.h"><Filter>Threading</Filter></ClInclude><ClCompile Include="E:\Projects\GameEngine\SourceCode\Engine\Binaries\..\Engine\Debugging\Debug.cpp"><Filter>Debugging</Filter></ClCompile><ClCompile Include="E:\Projects\GameEngine\SourceCode\Engine\Binaries\..\Engine\MemoryManagement\Allocator\AllocatorBase.cpp"><Filter>MemoryManagement\Allocator</Filter></ClCompile><ClCompile Include="E:\Projects\GameEngine\SourceCode\Engine\Binaries\..\Engine\MemoryManagement\Allocator\CustomAllocator.cpp"><Filter>MemoryManagement\Allocator</Filter></ClCompile><ClCompile Include="E:\Projects\GameEngine\SourceCode\Engine\Binaries\..\Engine\MemoryManagement\Allocator\DefaultAllocator.cpp"><Filter>MemoryManagement\Allocator</Filter></ClCompile><ClCompile Include="E:\Projects\GameEngine\SourceCode\Engine\Binaries\..\Engine\MemoryManagement\Allocator\DynamicSizeAllocator.cpp"><Filter>MemoryManagement\Allocator</Filter></ClCompile><ClCompile Include="E:\Projects\GameEngine\SourceCode\Engine\Binaries\..\Engine\MemoryManagement\Allocator\FixedSizeAllocator.cpp"><Filter>MemoryManagement\Allocator</Filter></ClCompile><ClCompile Include="E:\Projects\GameEngine\SourceCode\Engine\Binaries\..\Engine\MemoryManagement\Allocator\RootAllocator.cpp"><Filter>MemoryManagement\Allocator</Filter></ClCompile><ClCompile Include="E:\Projects\GameEngine\SourceCode\Engine\Binaries\..\Engine\Networking\Connection.cpp"><Filter>Networking</Filter></ClCompile><ClCompile Include="E:\Projects\GameEngine\SourceCode\Engine\Binaries\..\Engine\Networking\ConnectionBase.cpp"><Filter>Networking</Filter></ClCompile><ClCompile Include="E:\Projects\GameEngine\SourceCode\Engine\Binaries\..\Engine\Networking\NetworkManager.cpp"><Filter>Networking</Filter></ClCompile><ClCompile Include="E:\Projects\GameEngine\SourceCode\Engine\Binaries\..\Engine\Networking\ReliableConnection.cpp"><Filter>Networking</Filter></ClCompile><ClCompile Include="E:\Projects\GameEngine\SourceCode\Engine\Binaries\..\Engine\Networking\ServerConnection.cpp"><Filter>Networking</Filter></ClCompile><ClCompile Include="E:\Projects\GameEngine\SourceCode\Engine\Binaries\..\Engine\Networking\Socket.cpp"><Filter>Networking</Filter></ClCompile><ClCompile Include="E:\Projects\GameEngine\SourceCode\Engine\Binaries\..\Engine\Parallelizing\Job.cpp"><Filter>Parallelizing</Filter></ClCompile><ClCompile Include="E:\Projects\GameEngine\SourceCode\Engine\Binaries\..\Engine\Parallelizing\JobDescription.cpp"><Filter>Parallelizing</Filter></ClCompile><ClCompile Include="E:\Projects\GameEngine\SourceCode\Engine\Binaries\..\Engine\Parallelizing\JobManager.cpp"><Filter>Parallelizing</Filter></ClCompile><ClCompile Include="E:\Projects\GameEngine\SourceCode\Engine\Binaries\..\Engine\Platform\PlatformFiber.cpp"><Filter>Platform</Filter></ClCompile><ClCompile Include="E:\Projects\GameEngine\SourceCode\Engine\Binaries\..\Engine\Platform\PlatformFile.cpp"><Filter>Platform</Filter></ClCompile><ClCompile Include="E:\Projects\GameEngine\SourceCode\Engine\Binaries\..\Engine\Platform\PlatformMemory.cpp"><Filter>Platform</Filter></ClCompile><ClCompile Include="E:\Projects\GameEngine\SourceCode\Engine\Binaries\..\Engine\Platform\PlatformNetwork.cpp"><Filter>Platform</Filter></ClCompile><ClCompile Include="E:\Projects\GameEngine\SourceCode\Engine\Binaries\..\Engine\Platform\PlatformThread.cpp"><Filter>Platform</Filter></ClCompile><ClCompile Include="E:\Projects\GameEngine\SourceCode\Engine\Binaries\..\Engine\Test\TestFile\TestFile.cpp"><Filter>Test\TestFile</Filter></ClCompile><ClCompile Include="E:\Projects\GameEngine\SourceCode\Engine\Binaries\..\Engine\Test\TestLauncher\TestLauncher.cpp"><Filter>Test\TestLauncher</Filter></ClCompile><ClCompile Include="E:\Projects\GameEngine\SourceCode\Engine\Binaries\..\Engine\Test\TestNetwork\TestNetwork.cpp"><Filter>Test\TestNetwork</Filter></ClCompile><ClCompile Include="E:\Projects\GameEngine\SourceCode\Engine\Binaries\..\Engine\Test\TestParallelizing\TestParallelizing.cpp"><Filter>Test\TestParallelizing</Filter></ClCompile><ClCompile Include="E:\Projects\GameEngine\SourceCode\Engine\Binaries\..\Engine\Threading\Fiber.cpp"><Filter>Threading</Filter></ClCompile><ClCompile Include="E:\Projects\GameEngine\SourceCode\Engine\Binaries\..\Engine\Threading\Thread.cpp"><Filter>Threading</Filter></ClCompile></ItemGroup><ItemGroup /><ItemGroup><None Include="E:\Projects\GameEngine\SourceCode\Engine\Binaries\..\Engine\Common\Common.Rules.cs"><Filter>Common</Filter></None><None Include="E:\Projects\GameEngine\SourceCode\Engine\Binaries\..\Engine\Containers\Containers.Rules.cs"><Filter>Containers</Filter></None><None Include="E:\Projects\GameEngine\SourceCode\Engine\Binaries\..\Engine\Debugging\Debugging.Rules.cs"><Filter>Debugging</Filter></None><None Include="E:\Projects\GameEngine\SourceCode\Engine\Binaries\..\Engine\MemoryManagement\MemoryManagement.Rules.cs"><Filter>MemoryManagement</Filter></None><None Include="E:\Projects\GameEngine\SourceCode\Engine\Binaries\..\Engine\Networking\Networking.Rules.cs"><Filter>Networking</Filter></None><None Include="E:\Projects\GameEngine\SourceCode\Engine\Binaries\..\Engine\Parallelizing\Parallelizing.Rules.cs"><Filter>Parallelizing</Filter></None><None Include="E:\Projects\GameEngine\SourceCode\Engine\Binaries\..\Engine\Platform\Platform.Rules.cs"><Filter>Platform</Filter></None><None Include="E:\Projects\GameEngine\SourceCode\Engine\Binaries\..\Engine\Test\TestFile\TestFile.Rules.cs"><Filter>Test\TestFile</Filter></None><None Include="E:\Projects\GameEngine\SourceCode\Engine\Binaries\..\Engine\Test\TestLauncher\TestLauncher.Rules.cs"><Filter>Test\TestLauncher</Filter></None><None Include="E:\Projects\GameEngine\SourceCode\Engine\Binaries\..\Engine\Test\TestNetwork\TestNetwork.Rules.cs"><Filter>Test\TestNetwork</Filter></None><None Include="E:\Projects\GameEngine\SourceCode\Engine\Binaries\..\Engine\Test\TestParallelizing\TestParallelizing.Rules.cs"><Filter>Test\TestParallelizing</Filter></None><None Include="E:\Projects\GameEngine\SourceCode\Engine\Binaries\..\Engine\Threading\Threading.Rules.cs"><Filter>Threading</Filter></None></ItemGroup></Project>