
Microsoft Visual Studio Solution File, Format Version 12.00
# Visual Studio Version 16
VisualStudioVersion = 16.0.29306.81
MinimumVisualStudioVersion = 10.0.40219.1
Project("{8BC9CEB8-8B4A-11D0-8D11-00A0C91BC942}") = "Engine", "Engine\Engine.vcxproj", "{9A32870B-31B4-428A-B9C2-959BE5FA4846}"
EndProject
Project("{FAE04EC0-301F-11D3-BF4B-00C04F79EFBC}") = "Frontend", "Frontend\Frontend.csproj", "{977B19E8-6084-41CC-A99C-BA242C43282A}"
EndProject
Project("{FAE04EC0-301F-11D3-BF4B-00C04F79EFBC}") = "Editor", "Editor\Editor.csproj", "{67057536-4328-425B-9782-04B57C97E35C}"
EndProject
Global
	GlobalSection(SolutionConfigurationPlatforms) = preSolution
		Debug FontGenerator|Any CPU = Debug FontGenerator|Any CPU
		Debug FontGenerator|x64 = Debug FontGenerator|x64
		Debug FontGenerator|x86 = Debug FontGenerator|x86
		Debug ReflectionTool|Any CPU = Debug ReflectionTool|Any CPU
		Debug ReflectionTool|x64 = Debug ReflectionTool|x64
		Debug ReflectionTool|x86 = Debug ReflectionTool|x86
		Debug TestFile|Any CPU = Debug TestFile|Any CPU
		Debug TestFile|x64 = Debug TestFile|x64
		Debug TestFile|x86 = Debug TestFile|x86
		Debug TestLauncher|Any CPU = Debug TestLauncher|Any CPU
		Debug TestLauncher|x64 = Debug TestLauncher|x64
		Debug TestLauncher|x86 = Debug TestLauncher|x86
		Debug TestNetwork|Any CPU = Debug TestNetwork|Any CPU
		Debug TestNetwork|x64 = Debug TestNetwork|x64
		Debug TestNetwork|x86 = Debug TestNetwork|x86
		Debug TestParallelizing|Any CPU = Debug TestParallelizing|Any CPU
		Debug TestParallelizing|x64 = Debug TestParallelizing|x64
		Debug TestParallelizing|x86 = Debug TestParallelizing|x86
		Debug TestReflection|Any CPU = Debug TestReflection|Any CPU
		Debug TestReflection|x64 = Debug TestReflection|x64
		Debug TestReflection|x86 = Debug TestReflection|x86
		Debug TestRendering|Any CPU = Debug TestRendering|Any CPU
		Debug TestRendering|x64 = Debug TestRendering|x64
		Debug TestRendering|x86 = Debug TestRendering|x86
		Debug|Any CPU = Debug|Any CPU
		Debug|x64 = Debug|x64
		Debug|x86 = Debug|x86
		Release FontGenerator|Any CPU = Release FontGenerator|Any CPU
		Release FontGenerator|x64 = Release FontGenerator|x64
		Release FontGenerator|x86 = Release FontGenerator|x86
		Release ReflectionTool|Any CPU = Release ReflectionTool|Any CPU
		Release ReflectionTool|x64 = Release ReflectionTool|x64
		Release ReflectionTool|x86 = Release ReflectionTool|x86
		Release TestFile|Any CPU = Release TestFile|Any CPU
		Release TestFile|x64 = Release TestFile|x64
		Release TestFile|x86 = Release TestFile|x86
		Release TestLauncher|Any CPU = Release TestLauncher|Any CPU
		Release TestLauncher|x64 = Release TestLauncher|x64
		Release TestLauncher|x86 = Release TestLauncher|x86
		Release TestNetwork|Any CPU = Release TestNetwork|Any CPU
		Release TestNetwork|x64 = Release TestNetwork|x64
		Release TestNetwork|x86 = Release TestNetwork|x86
		Release TestParallelizing|Any CPU = Release TestParallelizing|Any CPU
		Release TestParallelizing|x64 = Release TestParallelizing|x64
		Release TestParallelizing|x86 = Release TestParallelizing|x86
		Release TestReflection|Any CPU = Release TestReflection|Any CPU
		Release TestReflection|x64 = Release TestReflection|x64
		Release TestReflection|x86 = Release TestReflection|x86
		Release TestRendering|Any CPU = Release TestRendering|Any CPU
		Release TestRendering|x64 = Release TestRendering|x64
		Release TestRendering|x86 = Release TestRendering|x86
		Release|Any CPU = Release|Any CPU
		Release|x64 = Release|x64
		Release|x86 = Release|x86
	EndGlobalSection
	GlobalSection(ProjectConfigurationPlatforms) = postSolution
		{9A32870B-31B4-428A-B9C2-959BE5FA4846}.Debug FontGenerator|Any CPU.ActiveCfg = Debug FontGenerator|Win32
		{9A32870B-31B4-428A-B9C2-959BE5FA4846}.Debug FontGenerator|x64.ActiveCfg = Debug FontGenerator|x64
		{9A32870B-31B4-428A-B9C2-959BE5FA4846}.Debug FontGenerator|x64.Build.0 = Debug FontGenerator|x64
		{9A32870B-31B4-428A-B9C2-959BE5FA4846}.Debug FontGenerator|x86.ActiveCfg = Debug FontGenerator|Win32
		{9A32870B-31B4-428A-B9C2-959BE5FA4846}.Debug FontGenerator|x86.Build.0 = Debug FontGenerator|Win32
		{9A32870B-31B4-428A-B9C2-959BE5FA4846}.Debug ReflectionTool|Any CPU.ActiveCfg = Debug ReflectionTool|Win32
		{9A32870B-31B4-428A-B9C2-959BE5FA4846}.Debug ReflectionTool|x64.ActiveCfg = Debug ReflectionTool|x64
		{9A32870B-31B4-428A-B9C2-959BE5FA4846}.Debug ReflectionTool|x64.Build.0 = Debug ReflectionTool|x64
		{9A32870B-31B4-428A-B9C2-959BE5FA4846}.Debug ReflectionTool|x86.ActiveCfg = Debug ReflectionTool|Win32
		{9A32870B-31B4-428A-B9C2-959BE5FA4846}.Debug ReflectionTool|x86.Build.0 = Debug ReflectionTool|Win32
		{9A32870B-31B4-428A-B9C2-959BE5FA4846}.Debug TestFile|Any CPU.ActiveCfg = Debug TestFile|Win32
		{9A32870B-31B4-428A-B9C2-959BE5FA4846}.Debug TestFile|x64.ActiveCfg = Debug TestFile|x64
		{9A32870B-31B4-428A-B9C2-959BE5FA4846}.Debug TestFile|x64.Build.0 = Debug TestFile|x64
		{9A32870B-31B4-428A-B9C2-959BE5FA4846}.Debug TestFile|x86.ActiveCfg = Debug TestFile|Win32
		{9A32870B-31B4-428A-B9C2-959BE5FA4846}.Debug TestFile|x86.Build.0 = Debug TestFile|Win32
		{9A32870B-31B4-428A-B9C2-959BE5FA4846}.Debug TestLauncher|Any CPU.ActiveCfg = Debug TestLauncher|Win32
		{9A32870B-31B4-428A-B9C2-959BE5FA4846}.Debug TestLauncher|x64.ActiveCfg = Debug TestLauncher|x64
		{9A32870B-31B4-428A-B9C2-959BE5FA4846}.Debug TestLauncher|x64.Build.0 = Debug TestLauncher|x64
		{9A32870B-31B4-428A-B9C2-959BE5FA4846}.Debug TestLauncher|x86.ActiveCfg = Debug TestLauncher|Win32
		{9A32870B-31B4-428A-B9C2-959BE5FA4846}.Debug TestLauncher|x86.Build.0 = Debug TestLauncher|Win32
		{9A32870B-31B4-428A-B9C2-959BE5FA4846}.Debug TestNetwork|Any CPU.ActiveCfg = Debug TestNetwork|Win32
		{9A32870B-31B4-428A-B9C2-959BE5FA4846}.Debug TestNetwork|x64.ActiveCfg = Debug TestNetwork|x64
		{9A32870B-31B4-428A-B9C2-959BE5FA4846}.Debug TestNetwork|x64.Build.0 = Debug TestNetwork|x64
		{9A32870B-31B4-428A-B9C2-959BE5FA4846}.Debug TestNetwork|x86.ActiveCfg = Debug TestNetwork|Win32
		{9A32870B-31B4-428A-B9C2-959BE5FA4846}.Debug TestNetwork|x86.Build.0 = Debug TestNetwork|Win32
		{9A32870B-31B4-428A-B9C2-959BE5FA4846}.Debug TestParallelizing|Any CPU.ActiveCfg = Debug TestParallelizing|Win32
		{9A32870B-31B4-428A-B9C2-959BE5FA4846}.Debug TestParallelizing|x64.ActiveCfg = Debug TestParallelizing|x64
		{9A32870B-31B4-428A-B9C2-959BE5FA4846}.Debug TestParallelizing|x64.Build.0 = Debug TestParallelizing|x64
		{9A32870B-31B4-428A-B9C2-959BE5FA4846}.Debug TestParallelizing|x86.ActiveCfg = Debug TestParallelizing|Win32
		{9A32870B-31B4-428A-B9C2-959BE5FA4846}.Debug TestParallelizing|x86.Build.0 = Debug TestParallelizing|Win32
		{9A32870B-31B4-428A-B9C2-959BE5FA4846}.Debug TestReflection|Any CPU.ActiveCfg = Debug TestReflection|Win32
		{9A32870B-31B4-428A-B9C2-959BE5FA4846}.Debug TestReflection|x64.ActiveCfg = Debug TestReflection|x64
		{9A32870B-31B4-428A-B9C2-959BE5FA4846}.Debug TestReflection|x64.Build.0 = Debug TestReflection|x64
		{9A32870B-31B4-428A-B9C2-959BE5FA4846}.Debug TestReflection|x86.ActiveCfg = Debug TestReflection|Win32
		{9A32870B-31B4-428A-B9C2-959BE5FA4846}.Debug TestReflection|x86.Build.0 = Debug TestReflection|Win32
		{9A32870B-31B4-428A-B9C2-959BE5FA4846}.Debug TestRendering|Any CPU.ActiveCfg = Debug TestRendering|Win32
		{9A32870B-31B4-428A-B9C2-959BE5FA4846}.Debug TestRendering|x64.ActiveCfg = Debug TestRendering|x64
		{9A32870B-31B4-428A-B9C2-959BE5FA4846}.Debug TestRendering|x64.Build.0 = Debug TestRendering|x64
		{9A32870B-31B4-428A-B9C2-959BE5FA4846}.Debug TestRendering|x86.ActiveCfg = Debug TestRendering|Win32
		{9A32870B-31B4-428A-B9C2-959BE5FA4846}.Debug TestRendering|x86.Build.0 = Debug TestRendering|Win32
		{9A32870B-31B4-428A-B9C2-959BE5FA4846}.Debug|Any CPU.ActiveCfg = Release FontGenerator|x64
		{9A32870B-31B4-428A-B9C2-959BE5FA4846}.Debug|Any CPU.Build.0 = Release FontGenerator|x64
		{9A32870B-31B4-428A-B9C2-959BE5FA4846}.Debug|x64.ActiveCfg = Debug TestParallelizing|x64
		{9A32870B-31B4-428A-B9C2-959BE5FA4846}.Debug|x64.Build.0 = Debug TestParallelizing|x64
		{9A32870B-31B4-428A-B9C2-959BE5FA4846}.Debug|x86.ActiveCfg = Debug TestParallelizing|Win32
		{9A32870B-31B4-428A-B9C2-959BE5FA4846}.Debug|x86.Build.0 = Debug TestParallelizing|Win32
		{9A32870B-31B4-428A-B9C2-959BE5FA4846}.Release FontGenerator|Any CPU.ActiveCfg = Release FontGenerator|Win32
		{9A32870B-31B4-428A-B9C2-959BE5FA4846}.Release FontGenerator|x64.ActiveCfg = Release FontGenerator|x64
		{9A32870B-31B4-428A-B9C2-959BE5FA4846}.Release FontGenerator|x64.Build.0 = Release FontGenerator|x64
		{9A32870B-31B4-428A-B9C2-959BE5FA4846}.Release FontGenerator|x86.ActiveCfg = Release FontGenerator|Win32
		{9A32870B-31B4-428A-B9C2-959BE5FA4846}.Release FontGenerator|x86.Build.0 = Release FontGenerator|Win32
		{9A32870B-31B4-428A-B9C2-959BE5FA4846}.Release ReflectionTool|Any CPU.ActiveCfg = Release ReflectionTool|Win32
		{9A32870B-31B4-428A-B9C2-959BE5FA4846}.Release ReflectionTool|x64.ActiveCfg = Release ReflectionTool|x64
		{9A32870B-31B4-428A-B9C2-959BE5FA4846}.Release ReflectionTool|x64.Build.0 = Release ReflectionTool|x64
		{9A32870B-31B4-428A-B9C2-959BE5FA4846}.Release ReflectionTool|x86.ActiveCfg = Release ReflectionTool|Win32
		{9A32870B-31B4-428A-B9C2-959BE5FA4846}.Release ReflectionTool|x86.Build.0 = Release ReflectionTool|Win32
		{9A32870B-31B4-428A-B9C2-959BE5FA4846}.Release TestFile|Any CPU.ActiveCfg = Release TestFile|Win32
		{9A32870B-31B4-428A-B9C2-959BE5FA4846}.Release TestFile|x64.ActiveCfg = Release TestFile|x64
		{9A32870B-31B4-428A-B9C2-959BE5FA4846}.Release TestFile|x64.Build.0 = Release TestFile|x64
		{9A32870B-31B4-428A-B9C2-959BE5FA4846}.Release TestFile|x86.ActiveCfg = Release TestFile|Win32
		{9A32870B-31B4-428A-B9C2-959BE5FA4846}.Release TestFile|x86.Build.0 = Release TestFile|Win32
		{9A32870B-31B4-428A-B9C2-959BE5FA4846}.Release TestLauncher|Any CPU.ActiveCfg = Release TestLauncher|Win32
		{9A32870B-31B4-428A-B9C2-959BE5FA4846}.Release TestLauncher|x64.ActiveCfg = Release TestLauncher|x64
		{9A32870B-31B4-428A-B9C2-959BE5FA4846}.Release TestLauncher|x64.Build.0 = Release TestLauncher|x64
		{9A32870B-31B4-428A-B9C2-959BE5FA4846}.Release TestLauncher|x86.ActiveCfg = Release TestLauncher|Win32
		{9A32870B-31B4-428A-B9C2-959BE5FA4846}.Release TestLauncher|x86.Build.0 = Release TestLauncher|Win32
		{9A32870B-31B4-428A-B9C2-959BE5FA4846}.Release TestNetwork|Any CPU.ActiveCfg = Release TestNetwork|Win32
		{9A32870B-31B4-428A-B9C2-959BE5FA4846}.Release TestNetwork|x64.ActiveCfg = Release TestNetwork|x64
		{9A32870B-31B4-428A-B9C2-959BE5FA4846}.Release TestNetwork|x64.Build.0 = Release TestNetwork|x64
		{9A32870B-31B4-428A-B9C2-959BE5FA4846}.Release TestNetwork|x86.ActiveCfg = Release TestNetwork|Win32
		{9A32870B-31B4-428A-B9C2-959BE5FA4846}.Release TestNetwork|x86.Build.0 = Release TestNetwork|Win32
		{9A32870B-31B4-428A-B9C2-959BE5FA4846}.Release TestParallelizing|Any CPU.ActiveCfg = Release TestParallelizing|Win32
		{9A32870B-31B4-428A-B9C2-959BE5FA4846}.Release TestParallelizing|x64.ActiveCfg = Release TestParallelizing|x64
		{9A32870B-31B4-428A-B9C2-959BE5FA4846}.Release TestParallelizing|x64.Build.0 = Release TestParallelizing|x64
		{9A32870B-31B4-428A-B9C2-959BE5FA4846}.Release TestParallelizing|x86.ActiveCfg = Release TestParallelizing|Win32
		{9A32870B-31B4-428A-B9C2-959BE5FA4846}.Release TestParallelizing|x86.Build.0 = Release TestParallelizing|Win32
		{9A32870B-31B4-428A-B9C2-959BE5FA4846}.Release TestReflection|Any CPU.ActiveCfg = Release TestReflection|Win32
		{9A32870B-31B4-428A-B9C2-959BE5FA4846}.Release TestReflection|x64.ActiveCfg = Release TestReflection|x64
		{9A32870B-31B4-428A-B9C2-959BE5FA4846}.Release TestReflection|x64.Build.0 = Release TestReflection|x64
		{9A32870B-31B4-428A-B9C2-959BE5FA4846}.Release TestReflection|x86.ActiveCfg = Release TestReflection|Win32
		{9A32870B-31B4-428A-B9C2-959BE5FA4846}.Release TestReflection|x86.Build.0 = Release TestReflection|Win32
		{9A32870B-31B4-428A-B9C2-959BE5FA4846}.Release TestRendering|Any CPU.ActiveCfg = Release TestRendering|Win32
		{9A32870B-31B4-428A-B9C2-959BE5FA4846}.Release TestRendering|x64.ActiveCfg = Release TestRendering|x64
		{9A32870B-31B4-428A-B9C2-959BE5FA4846}.Release TestRendering|x64.Build.0 = Release TestRendering|x64
		{9A32870B-31B4-428A-B9C2-959BE5FA4846}.Release TestRendering|x86.ActiveCfg = Release TestRendering|Win32
		{9A32870B-31B4-428A-B9C2-959BE5FA4846}.Release TestRendering|x86.Build.0 = Release TestRendering|Win32
		{9A32870B-31B4-428A-B9C2-959BE5FA4846}.Release|Any CPU.ActiveCfg = Release FontGenerator|x64
		{9A32870B-31B4-428A-B9C2-959BE5FA4846}.Release|Any CPU.Build.0 = Release FontGenerator|x64
		{9A32870B-31B4-428A-B9C2-959BE5FA4846}.Release|x64.ActiveCfg = Release FontGenerator|x64
		{9A32870B-31B4-428A-B9C2-959BE5FA4846}.Release|x64.Build.0 = Release FontGenerator|x64
		{9A32870B-31B4-428A-B9C2-959BE5FA4846}.Release|x86.ActiveCfg = Release FontGenerator|Win32
		{9A32870B-31B4-428A-B9C2-959BE5FA4846}.Release|x86.Build.0 = Release FontGenerator|Win32
		{977B19E8-6084-41CC-A99C-BA242C43282A}.Debug FontGenerator|Any CPU.ActiveCfg = Debug|Any CPU
		{977B19E8-6084-41CC-A99C-BA242C43282A}.Debug FontGenerator|Any CPU.Build.0 = Debug|Any CPU
		{977B19E8-6084-41CC-A99C-BA242C43282A}.Debug FontGenerator|x64.ActiveCfg = Debug|Any CPU
		{977B19E8-6084-41CC-A99C-BA242C43282A}.Debug FontGenerator|x64.Build.0 = Debug|Any CPU
		{977B19E8-6084-41CC-A99C-BA242C43282A}.Debug FontGenerator|x86.ActiveCfg = Debug|Any CPU
		{977B19E8-6084-41CC-A99C-BA242C43282A}.Debug FontGenerator|x86.Build.0 = Debug|Any CPU
		{977B19E8-6084-41CC-A99C-BA242C43282A}.Debug ReflectionTool|Any CPU.ActiveCfg = Debug|Any CPU
		{977B19E8-6084-41CC-A99C-BA242C43282A}.Debug ReflectionTool|Any CPU.Build.0 = Debug|Any CPU
		{977B19E8-6084-41CC-A99C-BA242C43282A}.Debug ReflectionTool|x64.ActiveCfg = Debug|Any CPU
		{977B19E8-6084-41CC-A99C-BA242C43282A}.Debug ReflectionTool|x64.Build.0 = Debug|Any CPU
		{977B19E8-6084-41CC-A99C-BA242C43282A}.Debug ReflectionTool|x86.ActiveCfg = Debug|Any CPU
		{977B19E8-6084-41CC-A99C-BA242C43282A}.Debug ReflectionTool|x86.Build.0 = Debug|Any CPU
		{977B19E8-6084-41CC-A99C-BA242C43282A}.Debug TestFile|Any CPU.ActiveCfg = Debug|Any CPU
		{977B19E8-6084-41CC-A99C-BA242C43282A}.Debug TestFile|Any CPU.Build.0 = Debug|Any CPU
		{977B19E8-6084-41CC-A99C-BA242C43282A}.Debug TestFile|x64.ActiveCfg = Debug|Any CPU
		{977B19E8-6084-41CC-A99C-BA242C43282A}.Debug TestFile|x64.Build.0 = Debug|Any CPU
		{977B19E8-6084-41CC-A99C-BA242C43282A}.Debug TestFile|x86.ActiveCfg = Debug|Any CPU
		{977B19E8-6084-41CC-A99C-BA242C43282A}.Debug TestFile|x86.Build.0 = Debug|Any CPU
		{977B19E8-6084-41CC-A99C-BA242C43282A}.Debug TestLauncher|Any CPU.ActiveCfg = Debug|Any CPU
		{977B19E8-6084-41CC-A99C-BA242C43282A}.Debug TestLauncher|Any CPU.Build.0 = Debug|Any CPU
		{977B19E8-6084-41CC-A99C-BA242C43282A}.Debug TestLauncher|x64.ActiveCfg = Debug|Any CPU
		{977B19E8-6084-41CC-A99C-BA242C43282A}.Debug TestLauncher|x64.Build.0 = Debug|Any CPU
		{977B19E8-6084-41CC-A99C-BA242C43282A}.Debug TestLauncher|x86.ActiveCfg = Debug|Any CPU
		{977B19E8-6084-41CC-A99C-BA242C43282A}.Debug TestLauncher|x86.Build.0 = Debug|Any CPU
		{977B19E8-6084-41CC-A99C-BA242C43282A}.Debug TestNetwork|Any CPU.ActiveCfg = Debug|Any CPU
		{977B19E8-6084-41CC-A99C-BA242C43282A}.Debug TestNetwork|Any CPU.Build.0 = Debug|Any CPU
		{977B19E8-6084-41CC-A99C-BA242C43282A}.Debug TestNetwork|x64.ActiveCfg = Debug|Any CPU
		{977B19E8-6084-41CC-A99C-BA242C43282A}.Debug TestNetwork|x64.Build.0 = Debug|Any CPU
		{977B19E8-6084-41CC-A99C-BA242C43282A}.Debug TestNetwork|x86.ActiveCfg = Debug|Any CPU
		{977B19E8-6084-41CC-A99C-BA242C43282A}.Debug TestNetwork|x86.Build.0 = Debug|Any CPU
		{977B19E8-6084-41CC-A99C-BA242C43282A}.Debug TestParallelizing|Any CPU.ActiveCfg = Debug|Any CPU
		{977B19E8-6084-41CC-A99C-BA242C43282A}.Debug TestParallelizing|Any CPU.Build.0 = Debug|Any CPU
		{977B19E8-6084-41CC-A99C-BA242C43282A}.Debug TestParallelizing|x64.ActiveCfg = Debug|Any CPU
		{977B19E8-6084-41CC-A99C-BA242C43282A}.Debug TestParallelizing|x64.Build.0 = Debug|Any CPU
		{977B19E8-6084-41CC-A99C-BA242C43282A}.Debug TestParallelizing|x86.ActiveCfg = Debug|Any CPU
		{977B19E8-6084-41CC-A99C-BA242C43282A}.Debug TestParallelizing|x86.Build.0 = Debug|Any CPU
		{977B19E8-6084-41CC-A99C-BA242C43282A}.Debug TestReflection|Any CPU.ActiveCfg = Debug|Any CPU
		{977B19E8-6084-41CC-A99C-BA242C43282A}.Debug TestReflection|Any CPU.Build.0 = Debug|Any CPU
		{977B19E8-6084-41CC-A99C-BA242C43282A}.Debug TestReflection|x64.ActiveCfg = Debug|Any CPU
		{977B19E8-6084-41CC-A99C-BA242C43282A}.Debug TestReflection|x64.Build.0 = Debug|Any CPU
		{977B19E8-6084-41CC-A99C-BA242C43282A}.Debug TestReflection|x86.ActiveCfg = Debug|Any CPU
		{977B19E8-6084-41CC-A99C-BA242C43282A}.Debug TestReflection|x86.Build.0 = Debug|Any CPU
		{977B19E8-6084-41CC-A99C-BA242C43282A}.Debug TestRendering|Any CPU.ActiveCfg = Debug|Any CPU
		{977B19E8-6084-41CC-A99C-BA242C43282A}.Debug TestRendering|Any CPU.Build.0 = Debug|Any CPU
		{977B19E8-6084-41CC-A99C-BA242C43282A}.Debug TestRendering|x64.ActiveCfg = Debug|Any CPU
		{977B19E8-6084-41CC-A99C-BA242C43282A}.Debug TestRendering|x64.Build.0 = Debug|Any CPU
		{977B19E8-6084-41CC-A99C-BA242C43282A}.Debug TestRendering|x86.ActiveCfg = Debug|Any CPU
		{977B19E8-6084-41CC-A99C-BA242C43282A}.Debug TestRendering|x86.Build.0 = Debug|Any CPU
		{977B19E8-6084-41CC-A99C-BA242C43282A}.Debug|Any CPU.ActiveCfg = Debug|Any CPU
		{977B19E8-6084-41CC-A99C-BA242C43282A}.Debug|Any CPU.Build.0 = Debug|Any CPU
		{977B19E8-6084-41CC-A99C-BA242C43282A}.Debug|x64.ActiveCfg = Debug|Any CPU
		{977B19E8-6084-41CC-A99C-BA242C43282A}.Debug|x64.Build.0 = Debug|Any CPU
		{977B19E8-6084-41CC-A99C-BA242C43282A}.Debug|x86.ActiveCfg = Debug|Any CPU
		{977B19E8-6084-41CC-A99C-BA242C43282A}.Debug|x86.Build.0 = Debug|Any CPU
		{977B19E8-6084-41CC-A99C-BA242C43282A}.Release FontGenerator|Any CPU.ActiveCfg = Release|Any CPU
		{977B19E8-6084-41CC-A99C-BA242C43282A}.Release FontGenerator|Any CPU.Build.0 = Release|Any CPU
		{977B19E8-6084-41CC-A99C-BA242C43282A}.Release FontGenerator|x64.ActiveCfg = Release|Any CPU
		{977B19E8-6084-41CC-A99C-BA242C43282A}.Release FontGenerator|x64.Build.0 = Release|Any CPU
		{977B19E8-6084-41CC-A99C-BA242C43282A}.Release FontGenerator|x86.ActiveCfg = Release|Any CPU
		{977B19E8-6084-41CC-A99C-BA242C43282A}.Release FontGenerator|x86.Build.0 = Release|Any CPU
		{977B19E8-6084-41CC-A99C-BA242C43282A}.Release ReflectionTool|Any CPU.ActiveCfg = Release|Any CPU
		{977B19E8-6084-41CC-A99C-BA242C43282A}.Release ReflectionTool|Any CPU.Build.0 = Release|Any CPU
		{977B19E8-6084-41CC-A99C-BA242C43282A}.Release ReflectionTool|x64.ActiveCfg = Release|Any CPU
		{977B19E8-6084-41CC-A99C-BA242C43282A}.Release ReflectionTool|x64.Build.0 = Release|Any CPU
		{977B19E8-6084-41CC-A99C-BA242C43282A}.Release ReflectionTool|x86.ActiveCfg = Release|Any CPU
		{977B19E8-6084-41CC-A99C-BA242C43282A}.Release ReflectionTool|x86.Build.0 = Release|Any CPU
		{977B19E8-6084-41CC-A99C-BA242C43282A}.Release TestFile|Any CPU.ActiveCfg = Release|Any CPU
		{977B19E8-6084-41CC-A99C-BA242C43282A}.Release TestFile|Any CPU.Build.0 = Release|Any CPU
		{977B19E8-6084-41CC-A99C-BA242C43282A}.Release TestFile|x64.ActiveCfg = Release|Any CPU
		{977B19E8-6084-41CC-A99C-BA242C43282A}.Release TestFile|x64.Build.0 = Release|Any CPU
		{977B19E8-6084-41CC-A99C-BA242C43282A}.Release TestFile|x86.ActiveCfg = Release|Any CPU
		{977B19E8-6084-41CC-A99C-BA242C43282A}.Release TestFile|x86.Build.0 = Release|Any CPU
		{977B19E8-6084-41CC-A99C-BA242C43282A}.Release TestLauncher|Any CPU.ActiveCfg = Release|Any CPU
		{977B19E8-6084-41CC-A99C-BA242C43282A}.Release TestLauncher|Any CPU.Build.0 = Release|Any CPU
		{977B19E8-6084-41CC-A99C-BA242C43282A}.Release TestLauncher|x64.ActiveCfg = Release|Any CPU
		{977B19E8-6084-41CC-A99C-BA242C43282A}.Release TestLauncher|x64.Build.0 = Release|Any CPU
		{977B19E8-6084-41CC-A99C-BA242C43282A}.Release TestLauncher|x86.ActiveCfg = Release|Any CPU
		{977B19E8-6084-41CC-A99C-BA242C43282A}.Release TestLauncher|x86.Build.0 = Release|Any CPU
		{977B19E8-6084-41CC-A99C-BA242C43282A}.Release TestNetwork|Any CPU.ActiveCfg = Release|Any CPU
		{977B19E8-6084-41CC-A99C-BA242C43282A}.Release TestNetwork|Any CPU.Build.0 = Release|Any CPU
		{977B19E8-6084-41CC-A99C-BA242C43282A}.Release TestNetwork|x64.ActiveCfg = Release|Any CPU
		{977B19E8-6084-41CC-A99C-BA242C43282A}.Release TestNetwork|x64.Build.0 = Release|Any CPU
		{977B19E8-6084-41CC-A99C-BA242C43282A}.Release TestNetwork|x86.ActiveCfg = Release|Any CPU
		{977B19E8-6084-41CC-A99C-BA242C43282A}.Release TestNetwork|x86.Build.0 = Release|Any CPU
		{977B19E8-6084-41CC-A99C-BA242C43282A}.Release TestParallelizing|Any CPU.ActiveCfg = Release|Any CPU
		{977B19E8-6084-41CC-A99C-BA242C43282A}.Release TestParallelizing|Any CPU.Build.0 = Release|Any CPU
		{977B19E8-6084-41CC-A99C-BA242C43282A}.Release TestParallelizing|x64.ActiveCfg = Release|Any CPU
		{977B19E8-6084-41CC-A99C-BA242C43282A}.Release TestParallelizing|x64.Build.0 = Release|Any CPU
		{977B19E8-6084-41CC-A99C-BA242C43282A}.Release TestParallelizing|x86.ActiveCfg = Release|Any CPU
		{977B19E8-6084-41CC-A99C-BA242C43282A}.Release TestParallelizing|x86.Build.0 = Release|Any CPU
		{977B19E8-6084-41CC-A99C-BA242C43282A}.Release TestReflection|Any CPU.ActiveCfg = Release|Any CPU
		{977B19E8-6084-41CC-A99C-BA242C43282A}.Release TestReflection|Any CPU.Build.0 = Release|Any CPU
		{977B19E8-6084-41CC-A99C-BA242C43282A}.Release TestReflection|x64.ActiveCfg = Release|Any CPU
		{977B19E8-6084-41CC-A99C-BA242C43282A}.Release TestReflection|x64.Build.0 = Release|Any CPU
		{977B19E8-6084-41CC-A99C-BA242C43282A}.Release TestReflection|x86.ActiveCfg = Release|Any CPU
		{977B19E8-6084-41CC-A99C-BA242C43282A}.Release TestReflection|x86.Build.0 = Release|Any CPU
		{977B19E8-6084-41CC-A99C-BA242C43282A}.Release TestRendering|Any CPU.ActiveCfg = Release|Any CPU
		{977B19E8-6084-41CC-A99C-BA242C43282A}.Release TestRendering|Any CPU.Build.0 = Release|Any CPU
		{977B19E8-6084-41CC-A99C-BA242C43282A}.Release TestRendering|x64.ActiveCfg = Release|Any CPU
		{977B19E8-6084-41CC-A99C-BA242C43282A}.Release TestRendering|x64.Build.0 = Release|Any CPU
		{977B19E8-6084-41CC-A99C-BA242C43282A}.Release TestRendering|x86.ActiveCfg = Release|Any CPU
		{977B19E8-6084-41CC-A99C-BA242C43282A}.Release TestRendering|x86.Build.0 = Release|Any CPU
		{977B19E8-6084-41CC-A99C-BA242C43282A}.Release|Any CPU.ActiveCfg = Release|Any CPU
		{977B19E8-6084-41CC-A99C-BA242C43282A}.Release|Any CPU.Build.0 = Release|Any CPU
		{977B19E8-6084-41CC-A99C-BA242C43282A}.Release|x64.ActiveCfg = Release|Any CPU
		{977B19E8-6084-41CC-A99C-BA242C43282A}.Release|x64.Build.0 = Release|Any CPU
		{977B19E8-6084-41CC-A99C-BA242C43282A}.Release|x86.ActiveCfg = Release|Any CPU
		{977B19E8-6084-41CC-A99C-BA242C43282A}.Release|x86.Build.0 = Release|Any CPU
		{67057536-4328-425B-9782-04B57C97E35C}.Debug FontGenerator|Any CPU.ActiveCfg = Debug|Any CPU
		{67057536-4328-425B-9782-04B57C97E35C}.Debug FontGenerator|Any CPU.Build.0 = Debug|Any CPU
		{67057536-4328-425B-9782-04B57C97E35C}.Debug FontGenerator|x64.ActiveCfg = Debug|Any CPU
		{67057536-4328-425B-9782-04B57C97E35C}.Debug FontGenerator|x64.Build.0 = Debug|Any CPU
		{67057536-4328-425B-9782-04B57C97E35C}.Debug FontGenerator|x86.ActiveCfg = Debug|Any CPU
		{67057536-4328-425B-9782-04B57C97E35C}.Debug FontGenerator|x86.Build.0 = Debug|Any CPU
		{67057536-4328-425B-9782-04B57C97E35C}.Debug ReflectionTool|Any CPU.ActiveCfg = Debug|Any CPU
		{67057536-4328-425B-9782-04B57C97E35C}.Debug ReflectionTool|Any CPU.Build.0 = Debug|Any CPU
		{67057536-4328-425B-9782-04B57C97E35C}.Debug ReflectionTool|x64.ActiveCfg = Debug|Any CPU
		{67057536-4328-425B-9782-04B57C97E35C}.Debug ReflectionTool|x64.Build.0 = Debug|Any CPU
		{67057536-4328-425B-9782-04B57C97E35C}.Debug ReflectionTool|x86.ActiveCfg = Debug|Any CPU
		{67057536-4328-425B-9782-04B57C97E35C}.Debug ReflectionTool|x86.Build.0 = Debug|Any CPU
		{67057536-4328-425B-9782-04B57C97E35C}.Debug TestFile|Any CPU.ActiveCfg = Debug|Any CPU
		{67057536-4328-425B-9782-04B57C97E35C}.Debug TestFile|Any CPU.Build.0 = Debug|Any CPU
		{67057536-4328-425B-9782-04B57C97E35C}.Debug TestFile|x64.ActiveCfg = Debug|Any CPU
		{67057536-4328-425B-9782-04B57C97E35C}.Debug TestFile|x64.Build.0 = Debug|Any CPU
		{67057536-4328-425B-9782-04B57C97E35C}.Debug TestFile|x86.ActiveCfg = Debug|Any CPU
		{67057536-4328-425B-9782-04B57C97E35C}.Debug TestFile|x86.Build.0 = Debug|Any CPU
		{67057536-4328-425B-9782-04B57C97E35C}.Debug TestLauncher|Any CPU.ActiveCfg = Debug|Any CPU
		{67057536-4328-425B-9782-04B57C97E35C}.Debug TestLauncher|Any CPU.Build.0 = Debug|Any CPU
		{67057536-4328-425B-9782-04B57C97E35C}.Debug TestLauncher|x64.ActiveCfg = Debug|Any CPU
		{67057536-4328-425B-9782-04B57C97E35C}.Debug TestLauncher|x64.Build.0 = Debug|Any CPU
		{67057536-4328-425B-9782-04B57C97E35C}.Debug TestLauncher|x86.ActiveCfg = Debug|Any CPU
		{67057536-4328-425B-9782-04B57C97E35C}.Debug TestLauncher|x86.Build.0 = Debug|Any CPU
		{67057536-4328-425B-9782-04B57C97E35C}.Debug TestNetwork|Any CPU.ActiveCfg = Debug|Any CPU
		{67057536-4328-425B-9782-04B57C97E35C}.Debug TestNetwork|Any CPU.Build.0 = Debug|Any CPU
		{67057536-4328-425B-9782-04B57C97E35C}.Debug TestNetwork|x64.ActiveCfg = Debug|Any CPU
		{67057536-4328-425B-9782-04B57C97E35C}.Debug TestNetwork|x64.Build.0 = Debug|Any CPU
		{67057536-4328-425B-9782-04B57C97E35C}.Debug TestNetwork|x86.ActiveCfg = Debug|Any CPU
		{67057536-4328-425B-9782-04B57C97E35C}.Debug TestNetwork|x86.Build.0 = Debug|Any CPU
		{67057536-4328-425B-9782-04B57C97E35C}.Debug TestParallelizing|Any CPU.ActiveCfg = Debug|Any CPU
		{67057536-4328-425B-9782-04B57C97E35C}.Debug TestParallelizing|Any CPU.Build.0 = Debug|Any CPU
		{67057536-4328-425B-9782-04B57C97E35C}.Debug TestParallelizing|x64.ActiveCfg = Debug|Any CPU
		{67057536-4328-425B-9782-04B57C97E35C}.Debug TestParallelizing|x64.Build.0 = Debug|Any CPU
		{67057536-4328-425B-9782-04B57C97E35C}.Debug TestParallelizing|x86.ActiveCfg = Debug|Any CPU
		{67057536-4328-425B-9782-04B57C97E35C}.Debug TestParallelizing|x86.Build.0 = Debug|Any CPU
		{67057536-4328-425B-9782-04B57C97E35C}.Debug TestReflection|Any CPU.ActiveCfg = Debug|Any CPU
		{67057536-4328-425B-9782-04B57C97E35C}.Debug TestReflection|Any CPU.Build.0 = Debug|Any CPU
		{67057536-4328-425B-9782-04B57C97E35C}.Debug TestReflection|x64.ActiveCfg = Debug|Any CPU
		{67057536-4328-425B-9782-04B57C97E35C}.Debug TestReflection|x64.Build.0 = Debug|Any CPU
		{67057536-4328-425B-9782-04B57C97E35C}.Debug TestReflection|x86.ActiveCfg = Debug|Any CPU
		{67057536-4328-425B-9782-04B57C97E35C}.Debug TestReflection|x86.Build.0 = Debug|Any CPU
		{67057536-4328-425B-9782-04B57C97E35C}.Debug TestRendering|Any CPU.ActiveCfg = Debug|Any CPU
		{67057536-4328-425B-9782-04B57C97E35C}.Debug TestRendering|Any CPU.Build.0 = Debug|Any CPU
		{67057536-4328-425B-9782-04B57C97E35C}.Debug TestRendering|x64.ActiveCfg = Debug|Any CPU
		{67057536-4328-425B-9782-04B57C97E35C}.Debug TestRendering|x64.Build.0 = Debug|Any CPU
		{67057536-4328-425B-9782-04B57C97E35C}.Debug TestRendering|x86.ActiveCfg = Debug|Any CPU
		{67057536-4328-425B-9782-04B57C97E35C}.Debug TestRendering|x86.Build.0 = Debug|Any CPU
		{67057536-4328-425B-9782-04B57C97E35C}.Debug|Any CPU.ActiveCfg = Debug|Any CPU
		{67057536-4328-425B-9782-04B57C97E35C}.Debug|Any CPU.Build.0 = Debug|Any CPU
		{67057536-4328-425B-9782-04B57C97E35C}.Debug|x64.ActiveCfg = Debug|Any CPU
		{67057536-4328-425B-9782-04B57C97E35C}.Debug|x64.Build.0 = Debug|Any CPU
		{67057536-4328-425B-9782-04B57C97E35C}.Debug|x86.ActiveCfg = Debug|Any CPU
		{67057536-4328-425B-9782-04B57C97E35C}.Debug|x86.Build.0 = Debug|Any CPU
		{67057536-4328-425B-9782-04B57C97E35C}.Release FontGenerator|Any CPU.ActiveCfg = Release|Any CPU
		{67057536-4328-425B-9782-04B57C97E35C}.Release FontGenerator|Any CPU.Build.0 = Release|Any CPU
		{67057536-4328-425B-9782-04B57C97E35C}.Release FontGenerator|x64.ActiveCfg = Release|Any CPU
		{67057536-4328-425B-9782-04B57C97E35C}.Release FontGenerator|x64.Build.0 = Release|Any CPU
		{67057536-4328-425B-9782-04B57C97E35C}.Release FontGenerator|x86.ActiveCfg = Release|Any CPU
		{67057536-4328-425B-9782-04B57C97E35C}.Release FontGenerator|x86.Build.0 = Release|Any CPU
		{67057536-4328-425B-9782-04B57C97E35C}.Release ReflectionTool|Any CPU.ActiveCfg = Release|Any CPU
		{67057536-4328-425B-9782-04B57C97E35C}.Release ReflectionTool|Any CPU.Build.0 = Release|Any CPU
		{67057536-4328-425B-9782-04B57C97E35C}.Release ReflectionTool|x64.ActiveCfg = Release|Any CPU
		{67057536-4328-425B-9782-04B57C97E35C}.Release ReflectionTool|x64.Build.0 = Release|Any CPU
		{67057536-4328-425B-9782-04B57C97E35C}.Release ReflectionTool|x86.ActiveCfg = Release|Any CPU
		{67057536-4328-425B-9782-04B57C97E35C}.Release ReflectionTool|x86.Build.0 = Release|Any CPU
		{67057536-4328-425B-9782-04B57C97E35C}.Release TestFile|Any CPU.ActiveCfg = Release|Any CPU
		{67057536-4328-425B-9782-04B57C97E35C}.Release TestFile|Any CPU.Build.0 = Release|Any CPU
		{67057536-4328-425B-9782-04B57C97E35C}.Release TestFile|x64.ActiveCfg = Release|Any CPU
		{67057536-4328-425B-9782-04B57C97E35C}.Release TestFile|x64.Build.0 = Release|Any CPU
		{67057536-4328-425B-9782-04B57C97E35C}.Release TestFile|x86.ActiveCfg = Release|Any CPU
		{67057536-4328-425B-9782-04B57C97E35C}.Release TestFile|x86.Build.0 = Release|Any CPU
		{67057536-4328-425B-9782-04B57C97E35C}.Release TestLauncher|Any CPU.ActiveCfg = Release|Any CPU
		{67057536-4328-425B-9782-04B57C97E35C}.Release TestLauncher|Any CPU.Build.0 = Release|Any CPU
		{67057536-4328-425B-9782-04B57C97E35C}.Release TestLauncher|x64.ActiveCfg = Release|Any CPU
		{67057536-4328-425B-9782-04B57C97E35C}.Release TestLauncher|x64.Build.0 = Release|Any CPU
		{67057536-4328-425B-9782-04B57C97E35C}.Release TestLauncher|x86.ActiveCfg = Release|Any CPU
		{67057536-4328-425B-9782-04B57C97E35C}.Release TestLauncher|x86.Build.0 = Release|Any CPU
		{67057536-4328-425B-9782-04B57C97E35C}.Release TestNetwork|Any CPU.ActiveCfg = Release|Any CPU
		{67057536-4328-425B-9782-04B57C97E35C}.Release TestNetwork|Any CPU.Build.0 = Release|Any CPU
		{67057536-4328-425B-9782-04B57C97E35C}.Release TestNetwork|x64.ActiveCfg = Release|Any CPU
		{67057536-4328-425B-9782-04B57C97E35C}.Release TestNetwork|x64.Build.0 = Release|Any CPU
		{67057536-4328-425B-9782-04B57C97E35C}.Release TestNetwork|x86.ActiveCfg = Release|Any CPU
		{67057536-4328-425B-9782-04B57C97E35C}.Release TestNetwork|x86.Build.0 = Release|Any CPU
		{67057536-4328-425B-9782-04B57C97E35C}.Release TestParallelizing|Any CPU.ActiveCfg = Release|Any CPU
		{67057536-4328-425B-9782-04B57C97E35C}.Release TestParallelizing|Any CPU.Build.0 = Release|Any CPU
		{67057536-4328-425B-9782-04B57C97E35C}.Release TestParallelizing|x64.ActiveCfg = Release|Any CPU
		{67057536-4328-425B-9782-04B57C97E35C}.Release TestParallelizing|x64.Build.0 = Release|Any CPU
		{67057536-4328-425B-9782-04B57C97E35C}.Release TestParallelizing|x86.ActiveCfg = Release|Any CPU
		{67057536-4328-425B-9782-04B57C97E35C}.Release TestParallelizing|x86.Build.0 = Release|Any CPU
		{67057536-4328-425B-9782-04B57C97E35C}.Release TestReflection|Any CPU.ActiveCfg = Release|Any CPU
		{67057536-4328-425B-9782-04B57C97E35C}.Release TestReflection|Any CPU.Build.0 = Release|Any CPU
		{67057536-4328-425B-9782-04B57C97E35C}.Release TestReflection|x64.ActiveCfg = Release|Any CPU
		{67057536-4328-425B-9782-04B57C97E35C}.Release TestReflection|x64.Build.0 = Release|Any CPU
		{67057536-4328-425B-9782-04B57C97E35C}.Release TestReflection|x86.ActiveCfg = Release|Any CPU
		{67057536-4328-425B-9782-04B57C97E35C}.Release TestReflection|x86.Build.0 = Release|Any CPU
		{67057536-4328-425B-9782-04B57C97E35C}.Release TestRendering|Any CPU.ActiveCfg = Release|Any CPU
		{67057536-4328-425B-9782-04B57C97E35C}.Release TestRendering|Any CPU.Build.0 = Release|Any CPU
		{67057536-4328-425B-9782-04B57C97E35C}.Release TestRendering|x64.ActiveCfg = Release|Any CPU
		{67057536-4328-425B-9782-04B57C97E35C}.Release TestRendering|x64.Build.0 = Release|Any CPU
		{67057536-4328-425B-9782-04B57C97E35C}.Release TestRendering|x86.ActiveCfg = Release|Any CPU
		{67057536-4328-425B-9782-04B57C97E35C}.Release TestRendering|x86.Build.0 = Release|Any CPU
		{67057536-4328-425B-9782-04B57C97E35C}.Release|Any CPU.ActiveCfg = Release|Any CPU
		{67057536-4328-425B-9782-04B57C97E35C}.Release|Any CPU.Build.0 = Release|Any CPU
		{67057536-4328-425B-9782-04B57C97E35C}.Release|x64.ActiveCfg = Release|Any CPU
		{67057536-4328-425B-9782-04B57C97E35C}.Release|x64.Build.0 = Release|Any CPU
		{67057536-4328-425B-9782-04B57C97E35C}.Release|x86.ActiveCfg = Release|Any CPU
		{67057536-4328-425B-9782-04B57C97E35C}.Release|x86.Build.0 = Release|Any CPU
	EndGlobalSection
	GlobalSection(SolutionProperties) = preSolution
		HideSolutionNode = FALSE
	EndGlobalSection
	GlobalSection(ExtensibilityGlobals) = postSolution
		SolutionGuid = {D1231BA7-0A5A-47CE-8E75-511C35C69EB6}
	EndGlobalSection
EndGlobal
