
Microsoft Visual Studio Solution File, Format Version 12.00
# Visual Studio 14
VisualStudioVersion = 14.0.23107.0
MinimumVisualStudioVersion = 10.0.40219.1
Project("{8BC9CEB8-8B4A-11D0-8D11-00A0C91BC942}") = "CoreEngine", "CoreEngine\CoreEngine.vcxproj", "{6A08AAF9-A200-43DB-AFEE-487041C6CBE1}"
EndProject
Project("{FAE04EC0-301F-11D3-BF4B-00C04F79EFBC}") = "Editor", "Editor\Editor.csproj", "{395E9DBE-A22D-474D-94A6-D87B22292D4D}"
EndProject
Project("{8BC9CEB8-8B4A-11D0-8D11-00A0C91BC942}") = "NetworkEngine", "NetworkEngine\NetworkEngine.vcxproj", "{151AE924-DD02-4883-80F9-75D2DA585D88}"
EndProject
Project("{FAE04EC0-301F-11D3-BF4B-00C04F79EFBC}") = "NetwokEngine", "NetwokEngine\NetwokEngine.csproj", "{8067B67E-8BD4-4C85-991A-4D8E402F1CE7}"
EndProject
Global
	GlobalSection(SolutionConfigurationPlatforms) = preSolution
		Debug|Any CPU = Debug|Any CPU
		Debug|x64 = Debug|x64
		Debug|x86 = Debug|x86
		Release|Any CPU = Release|Any CPU
		Release|x64 = Release|x64
		Release|x86 = Release|x86
	EndGlobalSection
	GlobalSection(ProjectConfigurationPlatforms) = postSolution
		{6A08AAF9-A200-43DB-AFEE-487041C6CBE1}.Debug|Any CPU.ActiveCfg = Debug|Win32
		{6A08AAF9-A200-43DB-AFEE-487041C6CBE1}.Debug|x64.ActiveCfg = Debug|x64
		{6A08AAF9-A200-43DB-AFEE-487041C6CBE1}.Debug|x64.Build.0 = Debug|x64
		{6A08AAF9-A200-43DB-AFEE-487041C6CBE1}.Debug|x86.ActiveCfg = Debug|Win32
		{6A08AAF9-A200-43DB-AFEE-487041C6CBE1}.Debug|x86.Build.0 = Debug|Win32
		{6A08AAF9-A200-43DB-AFEE-487041C6CBE1}.Release|Any CPU.ActiveCfg = Release|Win32
		{6A08AAF9-A200-43DB-AFEE-487041C6CBE1}.Release|x64.ActiveCfg = Release|x64
		{6A08AAF9-A200-43DB-AFEE-487041C6CBE1}.Release|x64.Build.0 = Release|x64
		{6A08AAF9-A200-43DB-AFEE-487041C6CBE1}.Release|x86.ActiveCfg = Release|Win32
		{6A08AAF9-A200-43DB-AFEE-487041C6CBE1}.Release|x86.Build.0 = Release|Win32
		{395E9DBE-A22D-474D-94A6-D87B22292D4D}.Debug|Any CPU.ActiveCfg = Debug|Any CPU
		{395E9DBE-A22D-474D-94A6-D87B22292D4D}.Debug|Any CPU.Build.0 = Debug|Any CPU
		{395E9DBE-A22D-474D-94A6-D87B22292D4D}.Debug|x64.ActiveCfg = Debug|Any CPU
		{395E9DBE-A22D-474D-94A6-D87B22292D4D}.Debug|x64.Build.0 = Debug|Any CPU
		{395E9DBE-A22D-474D-94A6-D87B22292D4D}.Debug|x86.ActiveCfg = Debug|Any CPU
		{395E9DBE-A22D-474D-94A6-D87B22292D4D}.Debug|x86.Build.0 = Debug|Any CPU
		{395E9DBE-A22D-474D-94A6-D87B22292D4D}.Release|Any CPU.ActiveCfg = Release|Any CPU
		{395E9DBE-A22D-474D-94A6-D87B22292D4D}.Release|Any CPU.Build.0 = Release|Any CPU
		{395E9DBE-A22D-474D-94A6-D87B22292D4D}.Release|x64.ActiveCfg = Release|Any CPU
		{395E9DBE-A22D-474D-94A6-D87B22292D4D}.Release|x64.Build.0 = Release|Any CPU
		{395E9DBE-A22D-474D-94A6-D87B22292D4D}.Release|x86.ActiveCfg = Release|Any CPU
		{395E9DBE-A22D-474D-94A6-D87B22292D4D}.Release|x86.Build.0 = Release|Any CPU
		{151AE924-DD02-4883-80F9-75D2DA585D88}.Debug|Any CPU.ActiveCfg = Debug|Win32
		{151AE924-DD02-4883-80F9-75D2DA585D88}.Debug|x64.ActiveCfg = Debug|x64
		{151AE924-DD02-4883-80F9-75D2DA585D88}.Debug|x64.Build.0 = Debug|x64
		{151AE924-DD02-4883-80F9-75D2DA585D88}.Debug|x86.ActiveCfg = Debug|Win32
		{151AE924-DD02-4883-80F9-75D2DA585D88}.Debug|x86.Build.0 = Debug|Win32
		{151AE924-DD02-4883-80F9-75D2DA585D88}.Release|Any CPU.ActiveCfg = Release|Win32
		{151AE924-DD02-4883-80F9-75D2DA585D88}.Release|x64.ActiveCfg = Release|x64
		{151AE924-DD02-4883-80F9-75D2DA585D88}.Release|x64.Build.0 = Release|x64
		{151AE924-DD02-4883-80F9-75D2DA585D88}.Release|x86.ActiveCfg = Release|Win32
		{151AE924-DD02-4883-80F9-75D2DA585D88}.Release|x86.Build.0 = Release|Win32
		{8067B67E-8BD4-4C85-991A-4D8E402F1CE7}.Debug|Any CPU.ActiveCfg = Debug|Any CPU
		{8067B67E-8BD4-4C85-991A-4D8E402F1CE7}.Debug|Any CPU.Build.0 = Debug|Any CPU
		{8067B67E-8BD4-4C85-991A-4D8E402F1CE7}.Debug|x64.ActiveCfg = Debug|Any CPU
		{8067B67E-8BD4-4C85-991A-4D8E402F1CE7}.Debug|x64.Build.0 = Debug|Any CPU
		{8067B67E-8BD4-4C85-991A-4D8E402F1CE7}.Debug|x86.ActiveCfg = Debug|Any CPU
		{8067B67E-8BD4-4C85-991A-4D8E402F1CE7}.Debug|x86.Build.0 = Debug|Any CPU
		{8067B67E-8BD4-4C85-991A-4D8E402F1CE7}.Release|Any CPU.ActiveCfg = Release|Any CPU
		{8067B67E-8BD4-4C85-991A-4D8E402F1CE7}.Release|Any CPU.Build.0 = Release|Any CPU
		{8067B67E-8BD4-4C85-991A-4D8E402F1CE7}.Release|x64.ActiveCfg = Release|Any CPU
		{8067B67E-8BD4-4C85-991A-4D8E402F1CE7}.Release|x64.Build.0 = Release|Any CPU
		{8067B67E-8BD4-4C85-991A-4D8E402F1CE7}.Release|x86.ActiveCfg = Release|Any CPU
		{8067B67E-8BD4-4C85-991A-4D8E402F1CE7}.Release|x86.Build.0 = Release|Any CPU
	EndGlobalSection
	GlobalSection(SolutionProperties) = preSolution
		HideSolutionNode = FALSE
	EndGlobalSection
EndGlobal
